// !$*UTF8*$!
{
	archiveVersion = 1;
	classes = {
	};
	objectVersion = 46;
	objects = {
/* Begin PBXBuildFile section */
		0207DA581B56EA530066E2B4 /* Images.xcassets in Resources */ = {isa = PBXBuildFile; fileRef = 0207DA571B56EA530066E2B4 /* Images.xcassets */; };
		1D3623260D0F684500981E51 /* AppDelegate.m in Sources */ = {isa = PBXBuildFile; fileRef = 1D3623250D0F684500981E51 /* AppDelegate.m */; };
		1D60589B0D05DD56006BFB54 /* main.m in Sources */ = {isa = PBXBuildFile; fileRef = 29B97316FDCFA39411CA2CEA /* main.m */; };
		301BF552109A68D80062928A /* libCordova.a in Frameworks */ = {isa = PBXBuildFile; fileRef = 301BF535109A57CC0062928A /* libCordova.a */; };
		302D95F114D2391D003F00A1 /* MainViewController.m in Sources */ = {isa = PBXBuildFile; fileRef = 302D95EF14D2391D003F00A1 /* MainViewController.m */; };
		302D95F214D2391D003F00A1 /* MainViewController.xib in Resources */ = {isa = PBXBuildFile; fileRef = 302D95F014D2391D003F00A1 /* MainViewController.xib */; };
		3047A5121AB8059700498E2A /* build-debug.xcconfig in Resources */ = {isa = PBXBuildFile; fileRef = 3047A50F1AB8059700498E2A /* build-debug.xcconfig */; };
		3047A5131AB8059700498E2A /* build-release.xcconfig in Resources */ = {isa = PBXBuildFile; fileRef = 3047A5101AB8059700498E2A /* build-release.xcconfig */; };
		3047A5141AB8059700498E2A /* build.xcconfig in Resources */ = {isa = PBXBuildFile; fileRef = 3047A5111AB8059700498E2A /* build.xcconfig */; };
		6AFF5BF91D6E424B00AB3073 /* CDVLaunchScreen.storyboard in Resources */ = {isa = PBXBuildFile; fileRef = 6AFF5BF81D6E424B00AB3073 /* CDVLaunchScreen.storyboard */; };
		E3E6E8C7C06847058F1213D0 /* AppDelegate+APPAppEvent.m in Sources */ = {isa = PBXBuildFile; fileRef = BD38C5C699224C6C97217C23 /* AppDelegate+APPAppEvent.m */; };
		AF8ECFF51660467EB50A3205 /* CDVPlugin+APPAppEvent.m in Sources */ = {isa = PBXBuildFile; fileRef = F411D08F224A48A4B5EBE824 /* CDVPlugin+APPAppEvent.m */; };
		2BC31E874E2045FE8A90E7E5 /* CDVDevice.m in Sources */ = {isa = PBXBuildFile; fileRef = 6E02BD41550E4626A145DDCB /* CDVDevice.m */; };
		62DD1D6EAAB84BA886FC1657 /* CDVWKWebViewEngine.m in Sources */ = {isa = PBXBuildFile; fileRef = 933B7F970BF74EEF9E5353D6 /* CDVWKWebViewEngine.m */; };
		9D8EE4880EBF43718E67D04B /* CDVWKWebViewUIDelegate.m in Sources */ = {isa = PBXBuildFile; fileRef = C57CAC42E8CF417B9A155795 /* CDVWKWebViewUIDelegate.m */; };
		CEF281BD511A47FAAB63CFD3 /* CDVWKProcessPoolFactory.m in Sources */ = {isa = PBXBuildFile; fileRef = C2B015889A434CB7A69D78A3 /* CDVWKProcessPoolFactory.m */; };
		A58A9E305D2145A388045577 /* GCDWebServer.m in Sources */ = {isa = PBXBuildFile; fileRef = CF60302324F44907A7D83D27 /* GCDWebServer.m */; };
		57B1CCB7FD304B58ADF88A5C /* GCDWebServerConnection.m in Sources */ = {isa = PBXBuildFile; fileRef = EA5109C526A441A697ECD46E /* GCDWebServerConnection.m */; };
		701CEF9025AE4DC29189F251 /* GCDWebServerFunctions.m in Sources */ = {isa = PBXBuildFile; fileRef = 45B233C82CE1419DA40839E6 /* GCDWebServerFunctions.m */; };
		4615E3C84E834EC4B7B3DE66 /* GCDWebServerRequest.m in Sources */ = {isa = PBXBuildFile; fileRef = F143AFF5154F4C4B80FA66DF /* GCDWebServerRequest.m */; };
		EEB638084072437EA5B568AA /* GCDWebServerResponse.m in Sources */ = {isa = PBXBuildFile; fileRef = DCF1E86D47D44280A778C94E /* GCDWebServerResponse.m */; };
		2E17245FAF6B4F65A9CEAFF0 /* GCDWebServerDataRequest.m in Sources */ = {isa = PBXBuildFile; fileRef = 8282F2D30833442C8B40E549 /* GCDWebServerDataRequest.m */; };
		38D7C73FF403493E8E848D7C /* GCDWebServerFileRequest.m in Sources */ = {isa = PBXBuildFile; fileRef = 4675BE32D2EE484A892D70CD /* GCDWebServerFileRequest.m */; };
		C3DA5E9F9D79472F8F073886 /* GCDWebServerMultiPartFormRequest.m in Sources */ = {isa = PBXBuildFile; fileRef = B155766603334A2DB6EBE252 /* GCDWebServerMultiPartFormRequest.m */; };
		252F62B916394FC29C86F8FC /* GCDWebServerURLEncodedFormRequest.m in Sources */ = {isa = PBXBuildFile; fileRef = 040B4AA08802416C8FF9E7F9 /* GCDWebServerURLEncodedFormRequest.m */; };
		6EE6610B5F4C476BACDA9F9C /* GCDWebServerDataResponse.m in Sources */ = {isa = PBXBuildFile; fileRef = FA571B162C7F4C878EA8E417 /* GCDWebServerDataResponse.m */; };
		2C2A64CE4E494408A0899E21 /* GCDWebServerErrorResponse.m in Sources */ = {isa = PBXBuildFile; fileRef = 2D7157500A6B446687B7A6A0 /* GCDWebServerErrorResponse.m */; };
		FCD372D829AA490A9B5F3289 /* GCDWebServerFileResponse.m in Sources */ = {isa = PBXBuildFile; fileRef = 3CCB8907A4E0478E974204CC /* GCDWebServerFileResponse.m */; };
		6E82CA3F5A5044DF93E8BC79 /* GCDWebServerStreamedResponse.m in Sources */ = {isa = PBXBuildFile; fileRef = F362594945A843169AD32F82 /* GCDWebServerStreamedResponse.m */; };
		1197008FB7B946718B008BCB /* WebKit.framework in Frameworks */ = {isa = PBXBuildFile; fileRef = 630F8144F7344C0AAE48BB1B /* WebKit.framework */; settings = {ATTRIBUTES = (Weak, ); }; };
		9782642C7E0F4D6BA2767418 /* libz.tbd in Frameworks */ = {isa = PBXBuildFile; fileRef = B5596FDAB065426F93588A32 /* libz.tbd */; };
		8C86DD17B61C488488B52AB4 /* CDVSplashScreen.m in Sources */ = {isa = PBXBuildFile; fileRef = 85BF083B44DE4D379F89FD5A /* CDVSplashScreen.m */; };
		93E6C47EED1841B88BB6F208 /* CDVViewController+SplashScreen.m in Sources */ = {isa = PBXBuildFile; fileRef = CFBECDD36A9E47389AACA1E7 /* CDVViewController+SplashScreen.m */; };
		42A418E9BA25434798FDB0E9 /* Toast+UIView.m in Sources */ = {isa = PBXBuildFile; fileRef = A542407E89B34F7196451172 /* Toast+UIView.m */; };
		FFB434EB5A1C498FA8AF3F62 /* Toast.m in Sources */ = {isa = PBXBuildFile; fileRef = F27A62365D4C45449C3E76A1 /* Toast.m */; };
		940A5DEC8A3A4BAEAE522DDA /* QuartzCore.framework in Frameworks */ = {isa = PBXBuildFile; fileRef = EEEBB4C1C3C54D23AEA2339D /* QuartzCore.framework */; };
		562480FA61AC4FBAA45C5F2F /* APPLocalNotification.m in Sources */ = {isa = PBXBuildFile; fileRef = 7AF3BCCE3F8C48C58C389DA1 /* APPLocalNotification.m */; };
		ACE7721C7EFF4DACA94AC49B /* APPLocalNotificationOptions.m in Sources */ = {isa = PBXBuildFile; fileRef = 53C24F3B45114411825CB064 /* APPLocalNotificationOptions.m */; };
		52BF4B30AD5D4B079F889EF3 /* UNUserNotificationCenter+APPLocalNotification.m in Sources */ = {isa = PBXBuildFile; fileRef = 1F96B48BDE364B96A4EB04C4 /* UNUserNotificationCenter+APPLocalNotification.m */; };
		75A38366DCE74467A39A67A9 /* UNMutableNotificationContent+APPLocalNotification.m in Sources */ = {isa = PBXBuildFile; fileRef = 7C7DA487CCC244BCBD9C10B6 /* UNMutableNotificationContent+APPLocalNotification.m */; };
		9EB0925ED2364B4FB2052A2C /* UNNotificationRequest+APPLocalNotification.m in Sources */ = {isa = PBXBuildFile; fileRef = 94EF3B1F4BBE4F27A3435498 /* UNNotificationRequest+APPLocalNotification.m */; };
		196CD7DB32D4448892BD86C1 /* APPLocalNotificationOptions.ios9.m in Sources */ = {isa = PBXBuildFile; fileRef = F75D2D79A2854C92ADE0284A /* APPLocalNotificationOptions.ios9.m */; };
		1434979586F54555A72674E3 /* UIApplication+APPLocalNotification.ios9.m in Sources */ = {isa = PBXBuildFile; fileRef = AEB54C1F947644E19C92F6A8 /* UIApplication+APPLocalNotification.ios9.m */; };
		733ACB64738B40318E900270 /* UILocalNotification+APPLocalNotification.ios9.m in Sources */ = {isa = PBXBuildFile; fileRef = 6327C88306BA4554AB06B872 /* UILocalNotification+APPLocalNotification.ios9.m */; };
		6A1D409895554AAFB4626380 /* UserNotifications.framework in Frameworks */ = {isa = PBXBuildFile; fileRef = 3B45FFD697604DDBA3C4F0F5 /* UserNotifications.framework */; };
		78847D68975148E68F5234F8 /* IonicKeyboard.m in Sources */ = {isa = PBXBuildFile; fileRef = 312BC36A4F8E4E5296DCB837 /* IonicKeyboard.m */; };
		76E4AD467710443BBBB6E78F /* UIImage+CropScaleOrientation.m in Sources */ = {isa = PBXBuildFile; fileRef = 4A15BFE9E9C746429231ED52 /* UIImage+CropScaleOrientation.m */; };
		108E7DCB9A364858A924F0D9 /* CDVCamera.m in Sources */ = {isa = PBXBuildFile; fileRef = A5F36436DDEA4B6E8945A1EF /* CDVCamera.m */; };
		7717593A3CD5426D8AFB91EC /* CDVJpegHeaderWriter.m in Sources */ = {isa = PBXBuildFile; fileRef = 4DDE8EEF81E343F781978E8E /* CDVJpegHeaderWriter.m */; };
		7CE0C881D5044B7C977B31E2 /* ImageIO.framework in Frameworks */ = {isa = PBXBuildFile; fileRef = 0215A479DEDC4EDF85FF75A3 /* ImageIO.framework */; settings = {ATTRIBUTES = (Weak, ); }; };
		C6AED55D4CC54A95B518DDA1 /* CoreLocation.framework in Frameworks */ = {isa = PBXBuildFile; fileRef = B5A57FA9559C4A1D80DC749D /* CoreLocation.framework */; };
		775C10E3B9904B76847FF68F /* AVFoundation.framework in Frameworks */ = {isa = PBXBuildFile; fileRef = A1A4DBE926024569A8E39AFB /* AVFoundation.framework */; };
/* End PBXBuildFile section */

/* Begin PBXContainerItemProxy section */
		301BF534109A57CC0062928A /* PBXContainerItemProxy */ = {
			isa = PBXContainerItemProxy;
			containerPortal = 301BF52D109A57CC0062928A /* CordovaLib.xcodeproj */;
			proxyType = 2;
			remoteGlobalIDString = D2AAC07E0554694100DB518D;
			remoteInfo = CordovaLib;
		};
		301BF550109A68C00062928A /* PBXContainerItemProxy */ = {
			isa = PBXContainerItemProxy;
			containerPortal = 301BF52D109A57CC0062928A /* CordovaLib.xcodeproj */;
			proxyType = 1;
			remoteGlobalIDString = D2AAC07D0554694100DB518D;
			remoteInfo = CordovaLib;
		};
/* End PBXContainerItemProxy section */

/* Begin PBXFileReference section */
		0207DA571B56EA530066E2B4 /* Images.xcassets */ = {isa = PBXFileReference; lastKnownFileType = folder.assetcatalog; name = Images.xcassets; path = "conFusion/Images.xcassets"; sourceTree = SOURCE_ROOT; };
		1D3623240D0F684500981E51 /* AppDelegate.h */ = {isa = PBXFileReference; fileEncoding = 4; lastKnownFileType = sourcecode.c.h; path = AppDelegate.h; sourceTree = "<group>"; };
		1D3623250D0F684500981E51 /* AppDelegate.m */ = {isa = PBXFileReference; fileEncoding = 4; lastKnownFileType = sourcecode.c.objc; path = AppDelegate.m; sourceTree = "<group>"; };
		1D6058910D05DD3D006BFB54 /* conFusion.app */ = {isa = PBXFileReference; explicitFileType = wrapper.application; includeInIndex = 0; path = "conFusion.app"; sourceTree = BUILT_PRODUCTS_DIR; };
		29B97316FDCFA39411CA2CEA /* main.m */ = {isa = PBXFileReference; fileEncoding = 4; lastKnownFileType = sourcecode.c.objc; path = main.m; sourceTree = "<group>"; };
		301BF52D109A57CC0062928A /* CordovaLib.xcodeproj */ = {isa = PBXFileReference; lastKnownFileType = "wrapper.pb-project"; path = CordovaLib/CordovaLib.xcodeproj; sourceTree = "<group>"; };
		301BF56E109A69640062928A /* www */ = {isa = PBXFileReference; lastKnownFileType = folder; path = www; sourceTree = SOURCE_ROOT; };
		302D95EE14D2391D003F00A1 /* MainViewController.h */ = {isa = PBXFileReference; fileEncoding = 4; lastKnownFileType = sourcecode.c.h; path = MainViewController.h; sourceTree = "<group>"; };
		302D95EF14D2391D003F00A1 /* MainViewController.m */ = {isa = PBXFileReference; fileEncoding = 4; lastKnownFileType = sourcecode.c.objc; path = MainViewController.m; sourceTree = "<group>"; };
		302D95F014D2391D003F00A1 /* MainViewController.xib */ = {isa = PBXFileReference; fileEncoding = 4; lastKnownFileType = file.xib; path = MainViewController.xib; sourceTree = "<group>"; };
		3047A50F1AB8059700498E2A /* build-debug.xcconfig */ = {isa = PBXFileReference; fileEncoding = 4; lastKnownFileType = text.xcconfig; name = "build-debug.xcconfig"; path = cordova/build-debug.xcconfig; sourceTree = SOURCE_ROOT; };
		3047A5101AB8059700498E2A /* build-release.xcconfig */ = {isa = PBXFileReference; fileEncoding = 4; lastKnownFileType = text.xcconfig; name = "build-release.xcconfig"; path = cordova/build-release.xcconfig; sourceTree = SOURCE_ROOT; };
		3047A5111AB8059700498E2A /* build.xcconfig */ = {isa = PBXFileReference; fileEncoding = 4; lastKnownFileType = text.xcconfig; name = build.xcconfig; path = cordova/build.xcconfig; sourceTree = SOURCE_ROOT; };
		32CA4F630368D1EE00C91783 /* conFusion-Prefix.pch */ = {isa = PBXFileReference; fileEncoding = 4; lastKnownFileType = sourcecode.c.h; path = "conFusion-Prefix.pch"; sourceTree = "<group>"; };
		6AFF5BF81D6E424B00AB3073 /* CDVLaunchScreen.storyboard */ = {isa = PBXFileReference; fileEncoding = 4; lastKnownFileType = file.storyboard; name = CDVLaunchScreen.storyboard; path = "conFusion/CDVLaunchScreen.storyboard"; sourceTree = SOURCE_ROOT; };
		8D1107310486CEB800E47090 /* conFusion-Info.plist */ = {isa = PBXFileReference; fileEncoding = 4; lastKnownFileType = text.plist.xml; name = "conFusion-Info.plist"; path = "conFusion/conFusion-Info.plist"; plistStructureDefinitionIdentifier = "com.apple.xcode.plist.structure-definition.iphone.info-plist"; sourceTree = SOURCE_ROOT; };
		EB87FDF31871DA8E0020F90C /* www */ = {isa = PBXFileReference; lastKnownFileType = folder; name = www; path = ../../www; sourceTree = "<group>"; };
		EB87FDF41871DAF40020F90C /* config.xml */ = {isa = PBXFileReference; lastKnownFileType = text.xml; name = config.xml; path = ../../config.xml; sourceTree = "<group>"; };
		F840E1F0165FE0F500CFE078 /* config.xml */ = {isa = PBXFileReference; lastKnownFileType = text.xml; name = config.xml; path = "conFusion/config.xml"; sourceTree = "<group>"; };
		ED33DF2A687741AEAF9F8254 /* Bridging-Header.h */ = {isa = PBXFileReference; fileEncoding = 4; lastKnownFileType = sourcecode.c.h; name = "Bridging-Header.h"; path = "Bridging-Header.h"; sourceTree = "<group>"; };
		BD38C5C699224C6C97217C23 /* AppDelegate+APPAppEvent.m */ = {isa = PBXFileReference; name = "AppDelegate+APPAppEvent.m"; path = "cordova-plugin-app-event/AppDelegate+APPAppEvent.m"; sourceTree = "<group>"; fileEncoding = 4; lastKnownFileType = sourcecode.c.objc; explicitFileType = undefined; includeInIndex = 0; };
		F411D08F224A48A4B5EBE824 /* CDVPlugin+APPAppEvent.m */ = {isa = PBXFileReference; name = "CDVPlugin+APPAppEvent.m"; path = "cordova-plugin-app-event/CDVPlugin+APPAppEvent.m"; sourceTree = "<group>"; fileEncoding = 4; lastKnownFileType = sourcecode.c.objc; explicitFileType = undefined; includeInIndex = 0; };
		6B380A4E9FFC48DEA6442B38 /* AppDelegate+APPAppEvent.h */ = {isa = PBXFileReference; name = "AppDelegate+APPAppEvent.h"; path = "cordova-plugin-app-event/AppDelegate+APPAppEvent.h"; sourceTree = "<group>"; fileEncoding = 4; lastKnownFileType = sourcecode.c.h; explicitFileType = undefined; includeInIndex = 0; };
		CD365AEE315C451792E6F949 /* CDVPlugin+APPAppEvent.h */ = {isa = PBXFileReference; name = "CDVPlugin+APPAppEvent.h"; path = "cordova-plugin-app-event/CDVPlugin+APPAppEvent.h"; sourceTree = "<group>"; fileEncoding = 4; lastKnownFileType = sourcecode.c.h; explicitFileType = undefined; includeInIndex = 0; };
		79109B8355A24302BCBD2A64 /* APPAppEventDelegate.h */ = {isa = PBXFileReference; name = "APPAppEventDelegate.h"; path = "cordova-plugin-app-event/APPAppEventDelegate.h"; sourceTree = "<group>"; fileEncoding = 4; lastKnownFileType = sourcecode.c.h; explicitFileType = undefined; includeInIndex = 0; };
		6E02BD41550E4626A145DDCB /* CDVDevice.m */ = {isa = PBXFileReference; name = "CDVDevice.m"; path = "cordova-plugin-device/CDVDevice.m"; sourceTree = "<group>"; fileEncoding = 4; lastKnownFileType = sourcecode.c.objc; explicitFileType = undefined; includeInIndex = 0; };
		739F57C6007C4551B39EE15B /* CDVDevice.h */ = {isa = PBXFileReference; name = "CDVDevice.h"; path = "cordova-plugin-device/CDVDevice.h"; sourceTree = "<group>"; fileEncoding = 4; lastKnownFileType = sourcecode.c.h; explicitFileType = undefined; includeInIndex = 0; };
		933B7F970BF74EEF9E5353D6 /* CDVWKWebViewEngine.m */ = {isa = PBXFileReference; name = "CDVWKWebViewEngine.m"; path = "cordova-plugin-ionic-webview/CDVWKWebViewEngine.m"; sourceTree = "<group>"; fileEncoding = 4; lastKnownFileType = sourcecode.c.objc; explicitFileType = undefined; includeInIndex = 0; };
		C57CAC42E8CF417B9A155795 /* CDVWKWebViewUIDelegate.m */ = {isa = PBXFileReference; name = "CDVWKWebViewUIDelegate.m"; path = "cordova-plugin-ionic-webview/CDVWKWebViewUIDelegate.m"; sourceTree = "<group>"; fileEncoding = 4; lastKnownFileType = sourcecode.c.objc; explicitFileType = undefined; includeInIndex = 0; };
		C2B015889A434CB7A69D78A3 /* CDVWKProcessPoolFactory.m */ = {isa = PBXFileReference; name = "CDVWKProcessPoolFactory.m"; path = "cordova-plugin-ionic-webview/CDVWKProcessPoolFactory.m"; sourceTree = "<group>"; fileEncoding = 4; lastKnownFileType = sourcecode.c.objc; explicitFileType = undefined; includeInIndex = 0; };
		CF60302324F44907A7D83D27 /* GCDWebServer.m */ = {isa = PBXFileReference; name = "GCDWebServer.m"; path = "cordova-plugin-ionic-webview/GCDWebServer.m"; sourceTree = "<group>"; fileEncoding = 4; lastKnownFileType = sourcecode.c.objc; explicitFileType = undefined; includeInIndex = 0; };
		EA5109C526A441A697ECD46E /* GCDWebServerConnection.m */ = {isa = PBXFileReference; name = "GCDWebServerConnection.m"; path = "cordova-plugin-ionic-webview/GCDWebServerConnection.m"; sourceTree = "<group>"; fileEncoding = 4; lastKnownFileType = sourcecode.c.objc; explicitFileType = undefined; includeInIndex = 0; };
		45B233C82CE1419DA40839E6 /* GCDWebServerFunctions.m */ = {isa = PBXFileReference; name = "GCDWebServerFunctions.m"; path = "cordova-plugin-ionic-webview/GCDWebServerFunctions.m"; sourceTree = "<group>"; fileEncoding = 4; lastKnownFileType = sourcecode.c.objc; explicitFileType = undefined; includeInIndex = 0; };
		F143AFF5154F4C4B80FA66DF /* GCDWebServerRequest.m */ = {isa = PBXFileReference; name = "GCDWebServerRequest.m"; path = "cordova-plugin-ionic-webview/GCDWebServerRequest.m"; sourceTree = "<group>"; fileEncoding = 4; lastKnownFileType = sourcecode.c.objc; explicitFileType = undefined; includeInIndex = 0; };
		DCF1E86D47D44280A778C94E /* GCDWebServerResponse.m */ = {isa = PBXFileReference; name = "GCDWebServerResponse.m"; path = "cordova-plugin-ionic-webview/GCDWebServerResponse.m"; sourceTree = "<group>"; fileEncoding = 4; lastKnownFileType = sourcecode.c.objc; explicitFileType = undefined; includeInIndex = 0; };
		8282F2D30833442C8B40E549 /* GCDWebServerDataRequest.m */ = {isa = PBXFileReference; name = "GCDWebServerDataRequest.m"; path = "cordova-plugin-ionic-webview/GCDWebServerDataRequest.m"; sourceTree = "<group>"; fileEncoding = 4; lastKnownFileType = sourcecode.c.objc; explicitFileType = undefined; includeInIndex = 0; };
		4675BE32D2EE484A892D70CD /* GCDWebServerFileRequest.m */ = {isa = PBXFileReference; name = "GCDWebServerFileRequest.m"; path = "cordova-plugin-ionic-webview/GCDWebServerFileRequest.m"; sourceTree = "<group>"; fileEncoding = 4; lastKnownFileType = sourcecode.c.objc; explicitFileType = undefined; includeInIndex = 0; };
		B155766603334A2DB6EBE252 /* GCDWebServerMultiPartFormRequest.m */ = {isa = PBXFileReference; name = "GCDWebServerMultiPartFormRequest.m"; path = "cordova-plugin-ionic-webview/GCDWebServerMultiPartFormRequest.m"; sourceTree = "<group>"; fileEncoding = 4; lastKnownFileType = sourcecode.c.objc; explicitFileType = undefined; includeInIndex = 0; };
		040B4AA08802416C8FF9E7F9 /* GCDWebServerURLEncodedFormRequest.m */ = {isa = PBXFileReference; name = "GCDWebServerURLEncodedFormRequest.m"; path = "cordova-plugin-ionic-webview/GCDWebServerURLEncodedFormRequest.m"; sourceTree = "<group>"; fileEncoding = 4; lastKnownFileType = sourcecode.c.objc; explicitFileType = undefined; includeInIndex = 0; };
		FA571B162C7F4C878EA8E417 /* GCDWebServerDataResponse.m */ = {isa = PBXFileReference; name = "GCDWebServerDataResponse.m"; path = "cordova-plugin-ionic-webview/GCDWebServerDataResponse.m"; sourceTree = "<group>"; fileEncoding = 4; lastKnownFileType = sourcecode.c.objc; explicitFileType = undefined; includeInIndex = 0; };
		2D7157500A6B446687B7A6A0 /* GCDWebServerErrorResponse.m */ = {isa = PBXFileReference; name = "GCDWebServerErrorResponse.m"; path = "cordova-plugin-ionic-webview/GCDWebServerErrorResponse.m"; sourceTree = "<group>"; fileEncoding = 4; lastKnownFileType = sourcecode.c.objc; explicitFileType = undefined; includeInIndex = 0; };
		3CCB8907A4E0478E974204CC /* GCDWebServerFileResponse.m */ = {isa = PBXFileReference; name = "GCDWebServerFileResponse.m"; path = "cordova-plugin-ionic-webview/GCDWebServerFileResponse.m"; sourceTree = "<group>"; fileEncoding = 4; lastKnownFileType = sourcecode.c.objc; explicitFileType = undefined; includeInIndex = 0; };
		F362594945A843169AD32F82 /* GCDWebServerStreamedResponse.m */ = {isa = PBXFileReference; name = "GCDWebServerStreamedResponse.m"; path = "cordova-plugin-ionic-webview/GCDWebServerStreamedResponse.m"; sourceTree = "<group>"; fileEncoding = 4; lastKnownFileType = sourcecode.c.objc; explicitFileType = undefined; includeInIndex = 0; };
		863909AE09A04C389449A7AD /* CDVWKWebViewEngine.h */ = {isa = PBXFileReference; name = "CDVWKWebViewEngine.h"; path = "cordova-plugin-ionic-webview/CDVWKWebViewEngine.h"; sourceTree = "<group>"; fileEncoding = 4; lastKnownFileType = sourcecode.c.h; explicitFileType = undefined; includeInIndex = 0; };
		1C8ECA2675E24FAABD77EA5F /* CDVWKWebViewUIDelegate.h */ = {isa = PBXFileReference; name = "CDVWKWebViewUIDelegate.h"; path = "cordova-plugin-ionic-webview/CDVWKWebViewUIDelegate.h"; sourceTree = "<group>"; fileEncoding = 4; lastKnownFileType = sourcecode.c.h; explicitFileType = undefined; includeInIndex = 0; };
		C1AB1F62483B41928B3E4F16 /* CDVWKProcessPoolFactory.h */ = {isa = PBXFileReference; name = "CDVWKProcessPoolFactory.h"; path = "cordova-plugin-ionic-webview/CDVWKProcessPoolFactory.h"; sourceTree = "<group>"; fileEncoding = 4; lastKnownFileType = sourcecode.c.h; explicitFileType = undefined; includeInIndex = 0; };
		7046FE0F5CF04E588B0E3749 /* GCDWebServer.h */ = {isa = PBXFileReference; name = "GCDWebServer.h"; path = "cordova-plugin-ionic-webview/GCDWebServer.h"; sourceTree = "<group>"; fileEncoding = 4; lastKnownFileType = sourcecode.c.h; explicitFileType = undefined; includeInIndex = 0; };
		EEF287F6ECC14C6EA0BDF312 /* GCDWebServerConnection.h */ = {isa = PBXFileReference; name = "GCDWebServerConnection.h"; path = "cordova-plugin-ionic-webview/GCDWebServerConnection.h"; sourceTree = "<group>"; fileEncoding = 4; lastKnownFileType = sourcecode.c.h; explicitFileType = undefined; includeInIndex = 0; };
		07287503AB774C449388B71A /* GCDWebServerFunctions.h */ = {isa = PBXFileReference; name = "GCDWebServerFunctions.h"; path = "cordova-plugin-ionic-webview/GCDWebServerFunctions.h"; sourceTree = "<group>"; fileEncoding = 4; lastKnownFileType = sourcecode.c.h; explicitFileType = undefined; includeInIndex = 0; };
		B7A9DE15EE424B9A889EEE30 /* GCDWebServerHTTPStatusCodes.h */ = {isa = PBXFileReference; name = "GCDWebServerHTTPStatusCodes.h"; path = "cordova-plugin-ionic-webview/GCDWebServerHTTPStatusCodes.h"; sourceTree = "<group>"; fileEncoding = 4; lastKnownFileType = sourcecode.c.h; explicitFileType = undefined; includeInIndex = 0; };
		EEE6ADE3D3C340DEAE1F473C /* GCDWebServerPrivate.h */ = {isa = PBXFileReference; name = "GCDWebServerPrivate.h"; path = "cordova-plugin-ionic-webview/GCDWebServerPrivate.h"; sourceTree = "<group>"; fileEncoding = 4; lastKnownFileType = sourcecode.c.h; explicitFileType = undefined; includeInIndex = 0; };
		6613D0D818F841EDB8D2DDB8 /* GCDWebServerRequest.h */ = {isa = PBXFileReference; name = "GCDWebServerRequest.h"; path = "cordova-plugin-ionic-webview/GCDWebServerRequest.h"; sourceTree = "<group>"; fileEncoding = 4; lastKnownFileType = sourcecode.c.h; explicitFileType = undefined; includeInIndex = 0; };
		EB7A237254B7478A936826A0 /* GCDWebServerResponse.h */ = {isa = PBXFileReference; name = "GCDWebServerResponse.h"; path = "cordova-plugin-ionic-webview/GCDWebServerResponse.h"; sourceTree = "<group>"; fileEncoding = 4; lastKnownFileType = sourcecode.c.h; explicitFileType = undefined; includeInIndex = 0; };
		50AFFC7164C447BCBD2F46EA /* GCDWebServerDataRequest.h */ = {isa = PBXFileReference; name = "GCDWebServerDataRequest.h"; path = "cordova-plugin-ionic-webview/GCDWebServerDataRequest.h"; sourceTree = "<group>"; fileEncoding = 4; lastKnownFileType = sourcecode.c.h; explicitFileType = undefined; includeInIndex = 0; };
		96276D137A0741339C8D810A /* GCDWebServerFileRequest.h */ = {isa = PBXFileReference; name = "GCDWebServerFileRequest.h"; path = "cordova-plugin-ionic-webview/GCDWebServerFileRequest.h"; sourceTree = "<group>"; fileEncoding = 4; lastKnownFileType = sourcecode.c.h; explicitFileType = undefined; includeInIndex = 0; };
		F4C51143316446FFA223EDB2 /* GCDWebServerMultiPartFormRequest.h */ = {isa = PBXFileReference; name = "GCDWebServerMultiPartFormRequest.h"; path = "cordova-plugin-ionic-webview/GCDWebServerMultiPartFormRequest.h"; sourceTree = "<group>"; fileEncoding = 4; lastKnownFileType = sourcecode.c.h; explicitFileType = undefined; includeInIndex = 0; };
		C1D9B81E857547269F74CDDD /* GCDWebServerURLEncodedFormRequest.h */ = {isa = PBXFileReference; name = "GCDWebServerURLEncodedFormRequest.h"; path = "cordova-plugin-ionic-webview/GCDWebServerURLEncodedFormRequest.h"; sourceTree = "<group>"; fileEncoding = 4; lastKnownFileType = sourcecode.c.h; explicitFileType = undefined; includeInIndex = 0; };
		53D90DCD4D024F908B6CA01D /* GCDWebServerDataResponse.h */ = {isa = PBXFileReference; name = "GCDWebServerDataResponse.h"; path = "cordova-plugin-ionic-webview/GCDWebServerDataResponse.h"; sourceTree = "<group>"; fileEncoding = 4; lastKnownFileType = sourcecode.c.h; explicitFileType = undefined; includeInIndex = 0; };
		295F37D153E54FEFB4E316B9 /* GCDWebServerErrorResponse.h */ = {isa = PBXFileReference; name = "GCDWebServerErrorResponse.h"; path = "cordova-plugin-ionic-webview/GCDWebServerErrorResponse.h"; sourceTree = "<group>"; fileEncoding = 4; lastKnownFileType = sourcecode.c.h; explicitFileType = undefined; includeInIndex = 0; };
		8861712013A54D36BFFE6AF5 /* GCDWebServerFileResponse.h */ = {isa = PBXFileReference; name = "GCDWebServerFileResponse.h"; path = "cordova-plugin-ionic-webview/GCDWebServerFileResponse.h"; sourceTree = "<group>"; fileEncoding = 4; lastKnownFileType = sourcecode.c.h; explicitFileType = undefined; includeInIndex = 0; };
		F0881F5E514A45FBB127693D /* GCDWebServerStreamedResponse.h */ = {isa = PBXFileReference; name = "GCDWebServerStreamedResponse.h"; path = "cordova-plugin-ionic-webview/GCDWebServerStreamedResponse.h"; sourceTree = "<group>"; fileEncoding = 4; lastKnownFileType = sourcecode.c.h; explicitFileType = undefined; includeInIndex = 0; };
		630F8144F7344C0AAE48BB1B /* WebKit.framework */ = {isa = PBXFileReference; name = "WebKit.framework"; path = "System/Library/Frameworks/WebKit.framework"; sourceTree = SDKROOT; fileEncoding = undefined; lastKnownFileType = wrapper.framework; explicitFileType = undefined; includeInIndex = 0; };
		B5596FDAB065426F93588A32 /* libz.tbd */ = {isa = PBXFileReference; name = "libz.tbd"; path = "usr/lib/libz.tbd"; sourceTree = SDKROOT; fileEncoding = undefined; lastKnownFileType = sourcecode.text-based-dylib-definition; explicitFileType = undefined; includeInIndex = 0; };
		85BF083B44DE4D379F89FD5A /* CDVSplashScreen.m */ = {isa = PBXFileReference; name = "CDVSplashScreen.m"; path = "cordova-plugin-splashscreen/CDVSplashScreen.m"; sourceTree = "<group>"; fileEncoding = 4; lastKnownFileType = sourcecode.c.objc; explicitFileType = undefined; includeInIndex = 0; };
		CFBECDD36A9E47389AACA1E7 /* CDVViewController+SplashScreen.m */ = {isa = PBXFileReference; name = "CDVViewController+SplashScreen.m"; path = "cordova-plugin-splashscreen/CDVViewController+SplashScreen.m"; sourceTree = "<group>"; fileEncoding = 4; lastKnownFileType = sourcecode.c.objc; explicitFileType = undefined; includeInIndex = 0; };
		EE86C5C82B844B10A56ACE52 /* CDVSplashScreen.h */ = {isa = PBXFileReference; name = "CDVSplashScreen.h"; path = "cordova-plugin-splashscreen/CDVSplashScreen.h"; sourceTree = "<group>"; fileEncoding = 4; lastKnownFileType = sourcecode.c.h; explicitFileType = undefined; includeInIndex = 0; };
		A960FDA54F60405CB0ED5B38 /* CDVViewController+SplashScreen.h */ = {isa = PBXFileReference; name = "CDVViewController+SplashScreen.h"; path = "cordova-plugin-splashscreen/CDVViewController+SplashScreen.h"; sourceTree = "<group>"; fileEncoding = 4; lastKnownFileType = sourcecode.c.h; explicitFileType = undefined; includeInIndex = 0; };
		A542407E89B34F7196451172 /* Toast+UIView.m */ = {isa = PBXFileReference; name = "Toast+UIView.m"; path = "cordova-plugin-x-toast/Toast+UIView.m"; sourceTree = "<group>"; fileEncoding = 4; lastKnownFileType = sourcecode.c.objc; explicitFileType = undefined; includeInIndex = 0; };
		F27A62365D4C45449C3E76A1 /* Toast.m */ = {isa = PBXFileReference; name = "Toast.m"; path = "cordova-plugin-x-toast/Toast.m"; sourceTree = "<group>"; fileEncoding = 4; lastKnownFileType = sourcecode.c.objc; explicitFileType = undefined; includeInIndex = 0; };
		6F9E60EEBE00465FB37336EF /* Toast+UIView.h */ = {isa = PBXFileReference; name = "Toast+UIView.h"; path = "cordova-plugin-x-toast/Toast+UIView.h"; sourceTree = "<group>"; fileEncoding = 4; lastKnownFileType = sourcecode.c.h; explicitFileType = undefined; includeInIndex = 0; };
		3A874DDE49024661B90B933B /* Toast.h */ = {isa = PBXFileReference; name = "Toast.h"; path = "cordova-plugin-x-toast/Toast.h"; sourceTree = "<group>"; fileEncoding = 4; lastKnownFileType = sourcecode.c.h; explicitFileType = undefined; includeInIndex = 0; };
		EEEBB4C1C3C54D23AEA2339D /* QuartzCore.framework */ = {isa = PBXFileReference; name = "QuartzCore.framework"; path = "System/Library/Frameworks/QuartzCore.framework"; sourceTree = SDKROOT; fileEncoding = undefined; lastKnownFileType = wrapper.framework; explicitFileType = undefined; includeInIndex = 0; };
		7AF3BCCE3F8C48C58C389DA1 /* APPLocalNotification.m */ = {isa = PBXFileReference; name = "APPLocalNotification.m"; path = "de.appplant.cordova.plugin.local-notification/APPLocalNotification.m"; sourceTree = "<group>"; fileEncoding = 4; lastKnownFileType = sourcecode.c.objc; explicitFileType = undefined; includeInIndex = 0; };
		53C24F3B45114411825CB064 /* APPLocalNotificationOptions.m */ = {isa = PBXFileReference; name = "APPLocalNotificationOptions.m"; path = "de.appplant.cordova.plugin.local-notification/APPLocalNotificationOptions.m"; sourceTree = "<group>"; fileEncoding = 4; lastKnownFileType = sourcecode.c.objc; explicitFileType = undefined; includeInIndex = 0; };
		1F96B48BDE364B96A4EB04C4 /* UNUserNotificationCenter+APPLocalNotification.m */ = {isa = PBXFileReference; name = "UNUserNotificationCenter+APPLocalNotification.m"; path = "de.appplant.cordova.plugin.local-notification/UNUserNotificationCenter+APPLocalNotification.m"; sourceTree = "<group>"; fileEncoding = 4; lastKnownFileType = sourcecode.c.objc; explicitFileType = undefined; includeInIndex = 0; };
		7C7DA487CCC244BCBD9C10B6 /* UNMutableNotificationContent+APPLocalNotification.m */ = {isa = PBXFileReference; name = "UNMutableNotificationContent+APPLocalNotification.m"; path = "de.appplant.cordova.plugin.local-notification/UNMutableNotificationContent+APPLocalNotification.m"; sourceTree = "<group>"; fileEncoding = 4; lastKnownFileType = sourcecode.c.objc; explicitFileType = undefined; includeInIndex = 0; };
		94EF3B1F4BBE4F27A3435498 /* UNNotificationRequest+APPLocalNotification.m */ = {isa = PBXFileReference; name = "UNNotificationRequest+APPLocalNotification.m"; path = "de.appplant.cordova.plugin.local-notification/UNNotificationRequest+APPLocalNotification.m"; sourceTree = "<group>"; fileEncoding = 4; lastKnownFileType = sourcecode.c.objc; explicitFileType = undefined; includeInIndex = 0; };
		F75D2D79A2854C92ADE0284A /* APPLocalNotificationOptions.ios9.m */ = {isa = PBXFileReference; name = "APPLocalNotificationOptions.ios9.m"; path = "de.appplant.cordova.plugin.local-notification/APPLocalNotificationOptions.ios9.m"; sourceTree = "<group>"; fileEncoding = 4; lastKnownFileType = sourcecode.c.objc; explicitFileType = undefined; includeInIndex = 0; };
		AEB54C1F947644E19C92F6A8 /* UIApplication+APPLocalNotification.ios9.m */ = {isa = PBXFileReference; name = "UIApplication+APPLocalNotification.ios9.m"; path = "de.appplant.cordova.plugin.local-notification/UIApplication+APPLocalNotification.ios9.m"; sourceTree = "<group>"; fileEncoding = 4; lastKnownFileType = sourcecode.c.objc; explicitFileType = undefined; includeInIndex = 0; };
		6327C88306BA4554AB06B872 /* UILocalNotification+APPLocalNotification.ios9.m */ = {isa = PBXFileReference; name = "UILocalNotification+APPLocalNotification.ios9.m"; path = "de.appplant.cordova.plugin.local-notification/UILocalNotification+APPLocalNotification.ios9.m"; sourceTree = "<group>"; fileEncoding = 4; lastKnownFileType = sourcecode.c.objc; explicitFileType = undefined; includeInIndex = 0; };
		966B582A20E64061B9556110 /* APPLocalNotification.h */ = {isa = PBXFileReference; name = "APPLocalNotification.h"; path = "de.appplant.cordova.plugin.local-notification/APPLocalNotification.h"; sourceTree = "<group>"; fileEncoding = 4; lastKnownFileType = sourcecode.c.h; explicitFileType = undefined; includeInIndex = 0; };
		9594D165E8C74BB6BC46FFAF /* APPLocalNotificationOptions.h */ = {isa = PBXFileReference; name = "APPLocalNotificationOptions.h"; path = "de.appplant.cordova.plugin.local-notification/APPLocalNotificationOptions.h"; sourceTree = "<group>"; fileEncoding = 4; lastKnownFileType = sourcecode.c.h; explicitFileType = undefined; includeInIndex = 0; };
		608BA645CF99472F820FECD5 /* UNUserNotificationCenter+APPLocalNotification.h */ = {isa = PBXFileReference; name = "UNUserNotificationCenter+APPLocalNotification.h"; path = "de.appplant.cordova.plugin.local-notification/UNUserNotificationCenter+APPLocalNotification.h"; sourceTree = "<group>"; fileEncoding = 4; lastKnownFileType = sourcecode.c.h; explicitFileType = undefined; includeInIndex = 0; };
		87A4C90624CD48CF992E227F /* UNMutableNotificationContent+APPLocalNotification.h */ = {isa = PBXFileReference; name = "UNMutableNotificationContent+APPLocalNotification.h"; path = "de.appplant.cordova.plugin.local-notification/UNMutableNotificationContent+APPLocalNotification.h"; sourceTree = "<group>"; fileEncoding = 4; lastKnownFileType = sourcecode.c.h; explicitFileType = undefined; includeInIndex = 0; };
		A9060D6909504DFC83BBA6D9 /* UNNotificationRequest+APPLocalNotification.h */ = {isa = PBXFileReference; name = "UNNotificationRequest+APPLocalNotification.h"; path = "de.appplant.cordova.plugin.local-notification/UNNotificationRequest+APPLocalNotification.h"; sourceTree = "<group>"; fileEncoding = 4; lastKnownFileType = sourcecode.c.h; explicitFileType = undefined; includeInIndex = 0; };
		7DDB6C01F41A4E668587F60C /* APPLocalNotificationOptions.ios9.h */ = {isa = PBXFileReference; name = "APPLocalNotificationOptions.ios9.h"; path = "de.appplant.cordova.plugin.local-notification/APPLocalNotificationOptions.ios9.h"; sourceTree = "<group>"; fileEncoding = 4; lastKnownFileType = sourcecode.c.h; explicitFileType = undefined; includeInIndex = 0; };
		A34B8344FD9440919E93E651 /* UIApplication+APPLocalNotification.ios9.h */ = {isa = PBXFileReference; name = "UIApplication+APPLocalNotification.ios9.h"; path = "de.appplant.cordova.plugin.local-notification/UIApplication+APPLocalNotification.ios9.h"; sourceTree = "<group>"; fileEncoding = 4; lastKnownFileType = sourcecode.c.h; explicitFileType = undefined; includeInIndex = 0; };
		5435BDEB00B647A1BE93CA03 /* UILocalNotification+APPLocalNotification.ios9.h */ = {isa = PBXFileReference; name = "UILocalNotification+APPLocalNotification.ios9.h"; path = "de.appplant.cordova.plugin.local-notification/UILocalNotification+APPLocalNotification.ios9.h"; sourceTree = "<group>"; fileEncoding = 4; lastKnownFileType = sourcecode.c.h; explicitFileType = undefined; includeInIndex = 0; };
		3B45FFD697604DDBA3C4F0F5 /* UserNotifications.framework */ = {isa = PBXFileReference; name = "UserNotifications.framework"; path = "System/Library/Frameworks/UserNotifications.framework"; sourceTree = SDKROOT; fileEncoding = undefined; lastKnownFileType = wrapper.framework; explicitFileType = undefined; includeInIndex = 0; };
		312BC36A4F8E4E5296DCB837 /* IonicKeyboard.m */ = {isa = PBXFileReference; name = "IonicKeyboard.m"; path = "ionic-plugin-keyboard/IonicKeyboard.m"; sourceTree = "<group>"; fileEncoding = 4; lastKnownFileType = sourcecode.c.objc; explicitFileType = undefined; includeInIndex = 0; };
		5D5CCAF873464E9DAC9D6433 /* IonicKeyboard.h */ = {isa = PBXFileReference; name = "IonicKeyboard.h"; path = "ionic-plugin-keyboard/IonicKeyboard.h"; sourceTree = "<group>"; fileEncoding = 4; lastKnownFileType = sourcecode.c.h; explicitFileType = undefined; includeInIndex = 0; };
		4A15BFE9E9C746429231ED52 /* UIImage+CropScaleOrientation.m */ = {isa = PBXFileReference; name = "UIImage+CropScaleOrientation.m"; path = "cordova-plugin-camera/UIImage+CropScaleOrientation.m"; sourceTree = "<group>"; fileEncoding = 4; lastKnownFileType = sourcecode.c.objc; explicitFileType = undefined; includeInIndex = 0; };
		A5F36436DDEA4B6E8945A1EF /* CDVCamera.m */ = {isa = PBXFileReference; name = "CDVCamera.m"; path = "cordova-plugin-camera/CDVCamera.m"; sourceTree = "<group>"; fileEncoding = 4; lastKnownFileType = sourcecode.c.objc; explicitFileType = undefined; includeInIndex = 0; };
		4DDE8EEF81E343F781978E8E /* CDVJpegHeaderWriter.m */ = {isa = PBXFileReference; name = "CDVJpegHeaderWriter.m"; path = "cordova-plugin-camera/CDVJpegHeaderWriter.m"; sourceTree = "<group>"; fileEncoding = 4; lastKnownFileType = sourcecode.c.objc; explicitFileType = undefined; includeInIndex = 0; };
		5F19F42A790A4B1EBD5E4C60 /* UIImage+CropScaleOrientation.h */ = {isa = PBXFileReference; name = "UIImage+CropScaleOrientation.h"; path = "cordova-plugin-camera/UIImage+CropScaleOrientation.h"; sourceTree = "<group>"; fileEncoding = 4; lastKnownFileType = sourcecode.c.h; explicitFileType = undefined; includeInIndex = 0; };
		2E4446601E50498FB30B2413 /* CDVCamera.h */ = {isa = PBXFileReference; name = "CDVCamera.h"; path = "cordova-plugin-camera/CDVCamera.h"; sourceTree = "<group>"; fileEncoding = 4; lastKnownFileType = sourcecode.c.h; explicitFileType = undefined; includeInIndex = 0; };
		17CED3FC1C4846EBB96083EA /* CDVJpegHeaderWriter.h */ = {isa = PBXFileReference; name = "CDVJpegHeaderWriter.h"; path = "cordova-plugin-camera/CDVJpegHeaderWriter.h"; sourceTree = "<group>"; fileEncoding = 4; lastKnownFileType = sourcecode.c.h; explicitFileType = undefined; includeInIndex = 0; };
		9479EEA60C544BC08F340EBC /* CDVExif.h */ = {isa = PBXFileReference; name = "CDVExif.h"; path = "cordova-plugin-camera/CDVExif.h"; sourceTree = "<group>"; fileEncoding = 4; lastKnownFileType = sourcecode.c.h; explicitFileType = undefined; includeInIndex = 0; };
		0215A479DEDC4EDF85FF75A3 /* ImageIO.framework */ = {isa = PBXFileReference; name = "ImageIO.framework"; path = "System/Library/Frameworks/ImageIO.framework"; sourceTree = SDKROOT; fileEncoding = undefined; lastKnownFileType = wrapper.framework; explicitFileType = undefined; includeInIndex = 0; };
		B5A57FA9559C4A1D80DC749D /* CoreLocation.framework */ = {isa = PBXFileReference; name = "CoreLocation.framework"; path = "System/Library/Frameworks/CoreLocation.framework"; sourceTree = SDKROOT; fileEncoding = undefined; lastKnownFileType = wrapper.framework; explicitFileType = undefined; includeInIndex = 0; };
		A1A4DBE926024569A8E39AFB /* AVFoundation.framework */ = {isa = PBXFileReference; name = "AVFoundation.framework"; path = "System/Library/Frameworks/AVFoundation.framework"; sourceTree = SDKROOT; fileEncoding = undefined; lastKnownFileType = wrapper.framework; explicitFileType = undefined; includeInIndex = 0; };
/* End PBXFileReference section */

/* Begin PBXFrameworksBuildPhase section */
		1D60588F0D05DD3D006BFB54 /* Frameworks */ = {
			isa = PBXFrameworksBuildPhase;
			buildActionMask = 2147483647;
			files = (
				301BF552109A68D80062928A /* libCordova.a in Frameworks */,
				1197008FB7B946718B008BCB /* WebKit.framework in Frameworks */,
				9782642C7E0F4D6BA2767418 /* libz.tbd in Frameworks */,
				940A5DEC8A3A4BAEAE522DDA /* QuartzCore.framework in Frameworks */,
				6A1D409895554AAFB4626380 /* UserNotifications.framework in Frameworks */,
				7CE0C881D5044B7C977B31E2 /* ImageIO.framework in Frameworks */,
				C6AED55D4CC54A95B518DDA1 /* CoreLocation.framework in Frameworks */,
				775C10E3B9904B76847FF68F /* AVFoundation.framework in Frameworks */,
			);
			runOnlyForDeploymentPostprocessing = 0;
		};
/* End PBXFrameworksBuildPhase section */

/* Begin PBXGroup section */
		080E96DDFE201D6D7F000001 /* Classes */ = {
			isa = PBXGroup;
			children = (
				302D95EE14D2391D003F00A1 /* MainViewController.h */,
				302D95EF14D2391D003F00A1 /* MainViewController.m */,
				302D95F014D2391D003F00A1 /* MainViewController.xib */,
				1D3623240D0F684500981E51 /* AppDelegate.h */,
				1D3623250D0F684500981E51 /* AppDelegate.m */,
			);
			name = Classes;
			path = "conFusion/Classes";
			sourceTree = SOURCE_ROOT;
		};
		19C28FACFE9D520D11CA2CBB /* Products */ = {
			isa = PBXGroup;
			children = (
				1D6058910D05DD3D006BFB54 /* conFusion.app */,
			);
			name = Products;
			sourceTree = "<group>";
		};
		29B97314FDCFA39411CA2CEA /* CustomTemplate */ = {
			isa = PBXGroup;
			children = (
				EB87FDF41871DAF40020F90C /* config.xml */,
				EB87FDF31871DA8E0020F90C /* www */,
				EB87FDF11871DA420020F90C /* Staging */,
				301BF52D109A57CC0062928A /* CordovaLib.xcodeproj */,
				080E96DDFE201D6D7F000001 /* Classes */,
				307C750510C5A3420062BCA9 /* Plugins */,
				29B97315FDCFA39411CA2CEA /* Other Sources */,
				29B97317FDCFA39411CA2CEA /* Resources */,
				29B97323FDCFA39411CA2CEA /* Frameworks */,
				19C28FACFE9D520D11CA2CBB /* Products */,
			);
			name = CustomTemplate;
			sourceTree = "<group>";
		};
		29B97315FDCFA39411CA2CEA /* Other Sources */ = {
			isa = PBXGroup;
			children = (
				32CA4F630368D1EE00C91783 /* conFusion-Prefix.pch */,
				29B97316FDCFA39411CA2CEA /* main.m */,
				ED33DF2A687741AEAF9F8254 /* Bridging-Header.h */,
			);
			name = "Other Sources";
			path = "conFusion";
			sourceTree = "<group>";
		};
		29B97317FDCFA39411CA2CEA /* Resources */ = {
			isa = PBXGroup;
			children = (
				0207DA571B56EA530066E2B4 /* Images.xcassets */,
				3047A50E1AB8057F00498E2A /* config */,
				8D1107310486CEB800E47090 /* conFusion-Info.plist */,
				6AFF5BF81D6E424B00AB3073 /* CDVLaunchScreen.storyboard */,
			);
			name = Resources;
			path = "conFusion/Resources";
			sourceTree = "<group>";
		};
		29B97323FDCFA39411CA2CEA /* Frameworks */ = {
			isa = PBXGroup;
			children = (
				630F8144F7344C0AAE48BB1B /* WebKit.framework */,
				B5596FDAB065426F93588A32 /* libz.tbd */,
				EEEBB4C1C3C54D23AEA2339D /* QuartzCore.framework */,
				3B45FFD697604DDBA3C4F0F5 /* UserNotifications.framework */,
				0215A479DEDC4EDF85FF75A3 /* ImageIO.framework */,
				B5A57FA9559C4A1D80DC749D /* CoreLocation.framework */,
				A1A4DBE926024569A8E39AFB /* AVFoundation.framework */,
			);
			name = Frameworks;
			sourceTree = "<group>";
		};
		301BF52E109A57CC0062928A /* Products */ = {
			isa = PBXGroup;
			children = (
				301BF535109A57CC0062928A /* libCordova.a */,
			);
			name = Products;
			sourceTree = "<group>";
		};
		3047A50E1AB8057F00498E2A /* config */ = {
			isa = PBXGroup;
			children = (
				3047A50F1AB8059700498E2A /* build-debug.xcconfig */,
				3047A5101AB8059700498E2A /* build-release.xcconfig */,
				3047A5111AB8059700498E2A /* build.xcconfig */,
			);
			name = config;
			sourceTree = "<group>";
		};
		307C750510C5A3420062BCA9 /* Plugins */ = {
			isa = PBXGroup;
			children = (
				BD38C5C699224C6C97217C23 /* AppDelegate+APPAppEvent.m */,
				F411D08F224A48A4B5EBE824 /* CDVPlugin+APPAppEvent.m */,
				6B380A4E9FFC48DEA6442B38 /* AppDelegate+APPAppEvent.h */,
				CD365AEE315C451792E6F949 /* CDVPlugin+APPAppEvent.h */,
				79109B8355A24302BCBD2A64 /* APPAppEventDelegate.h */,
				6E02BD41550E4626A145DDCB /* CDVDevice.m */,
				739F57C6007C4551B39EE15B /* CDVDevice.h */,
				933B7F970BF74EEF9E5353D6 /* CDVWKWebViewEngine.m */,
				C57CAC42E8CF417B9A155795 /* CDVWKWebViewUIDelegate.m */,
				C2B015889A434CB7A69D78A3 /* CDVWKProcessPoolFactory.m */,
				CF60302324F44907A7D83D27 /* GCDWebServer.m */,
				EA5109C526A441A697ECD46E /* GCDWebServerConnection.m */,
				45B233C82CE1419DA40839E6 /* GCDWebServerFunctions.m */,
				F143AFF5154F4C4B80FA66DF /* GCDWebServerRequest.m */,
				DCF1E86D47D44280A778C94E /* GCDWebServerResponse.m */,
				8282F2D30833442C8B40E549 /* GCDWebServerDataRequest.m */,
				4675BE32D2EE484A892D70CD /* GCDWebServerFileRequest.m */,
				B155766603334A2DB6EBE252 /* GCDWebServerMultiPartFormRequest.m */,
				040B4AA08802416C8FF9E7F9 /* GCDWebServerURLEncodedFormRequest.m */,
				FA571B162C7F4C878EA8E417 /* GCDWebServerDataResponse.m */,
				2D7157500A6B446687B7A6A0 /* GCDWebServerErrorResponse.m */,
				3CCB8907A4E0478E974204CC /* GCDWebServerFileResponse.m */,
				F362594945A843169AD32F82 /* GCDWebServerStreamedResponse.m */,
				863909AE09A04C389449A7AD /* CDVWKWebViewEngine.h */,
				1C8ECA2675E24FAABD77EA5F /* CDVWKWebViewUIDelegate.h */,
				C1AB1F62483B41928B3E4F16 /* CDVWKProcessPoolFactory.h */,
				7046FE0F5CF04E588B0E3749 /* GCDWebServer.h */,
				EEF287F6ECC14C6EA0BDF312 /* GCDWebServerConnection.h */,
				07287503AB774C449388B71A /* GCDWebServerFunctions.h */,
				B7A9DE15EE424B9A889EEE30 /* GCDWebServerHTTPStatusCodes.h */,
				EEE6ADE3D3C340DEAE1F473C /* GCDWebServerPrivate.h */,
				6613D0D818F841EDB8D2DDB8 /* GCDWebServerRequest.h */,
				EB7A237254B7478A936826A0 /* GCDWebServerResponse.h */,
				50AFFC7164C447BCBD2F46EA /* GCDWebServerDataRequest.h */,
				96276D137A0741339C8D810A /* GCDWebServerFileRequest.h */,
				F4C51143316446FFA223EDB2 /* GCDWebServerMultiPartFormRequest.h */,
				C1D9B81E857547269F74CDDD /* GCDWebServerURLEncodedFormRequest.h */,
				53D90DCD4D024F908B6CA01D /* GCDWebServerDataResponse.h */,
				295F37D153E54FEFB4E316B9 /* GCDWebServerErrorResponse.h */,
				8861712013A54D36BFFE6AF5 /* GCDWebServerFileResponse.h */,
				F0881F5E514A45FBB127693D /* GCDWebServerStreamedResponse.h */,
				85BF083B44DE4D379F89FD5A /* CDVSplashScreen.m */,
				CFBECDD36A9E47389AACA1E7 /* CDVViewController+SplashScreen.m */,
				EE86C5C82B844B10A56ACE52 /* CDVSplashScreen.h */,
				A960FDA54F60405CB0ED5B38 /* CDVViewController+SplashScreen.h */,
				A542407E89B34F7196451172 /* Toast+UIView.m */,
				F27A62365D4C45449C3E76A1 /* Toast.m */,
				6F9E60EEBE00465FB37336EF /* Toast+UIView.h */,
				3A874DDE49024661B90B933B /* Toast.h */,
				7AF3BCCE3F8C48C58C389DA1 /* APPLocalNotification.m */,
				53C24F3B45114411825CB064 /* APPLocalNotificationOptions.m */,
				1F96B48BDE364B96A4EB04C4 /* UNUserNotificationCenter+APPLocalNotification.m */,
				7C7DA487CCC244BCBD9C10B6 /* UNMutableNotificationContent+APPLocalNotification.m */,
				94EF3B1F4BBE4F27A3435498 /* UNNotificationRequest+APPLocalNotification.m */,
				F75D2D79A2854C92ADE0284A /* APPLocalNotificationOptions.ios9.m */,
				AEB54C1F947644E19C92F6A8 /* UIApplication+APPLocalNotification.ios9.m */,
				6327C88306BA4554AB06B872 /* UILocalNotification+APPLocalNotification.ios9.m */,
				966B582A20E64061B9556110 /* APPLocalNotification.h */,
				9594D165E8C74BB6BC46FFAF /* APPLocalNotificationOptions.h */,
				608BA645CF99472F820FECD5 /* UNUserNotificationCenter+APPLocalNotification.h */,
				87A4C90624CD48CF992E227F /* UNMutableNotificationContent+APPLocalNotification.h */,
				A9060D6909504DFC83BBA6D9 /* UNNotificationRequest+APPLocalNotification.h */,
				7DDB6C01F41A4E668587F60C /* APPLocalNotificationOptions.ios9.h */,
				A34B8344FD9440919E93E651 /* UIApplication+APPLocalNotification.ios9.h */,
				5435BDEB00B647A1BE93CA03 /* UILocalNotification+APPLocalNotification.ios9.h */,
				312BC36A4F8E4E5296DCB837 /* IonicKeyboard.m */,
				5D5CCAF873464E9DAC9D6433 /* IonicKeyboard.h */,
				4A15BFE9E9C746429231ED52 /* UIImage+CropScaleOrientation.m */,
				A5F36436DDEA4B6E8945A1EF /* CDVCamera.m */,
				4DDE8EEF81E343F781978E8E /* CDVJpegHeaderWriter.m */,
				5F19F42A790A4B1EBD5E4C60 /* UIImage+CropScaleOrientation.h */,
				2E4446601E50498FB30B2413 /* CDVCamera.h */,
				17CED3FC1C4846EBB96083EA /* CDVJpegHeaderWriter.h */,
				9479EEA60C544BC08F340EBC /* CDVExif.h */,
			);
			name = Plugins;
			path = "conFusion/Plugins";
			sourceTree = SOURCE_ROOT;
		};
		EB87FDF11871DA420020F90C /* Staging */ = {
			isa = PBXGroup;
			children = (
				F840E1F0165FE0F500CFE078 /* config.xml */,
				301BF56E109A69640062928A /* www */,
			);
			name = Staging;
			sourceTree = "<group>";
		};
/* End PBXGroup section */

/* Begin PBXNativeTarget section */
		1D6058900D05DD3D006BFB54 /* conFusion */ = {
			isa = PBXNativeTarget;
			buildConfigurationList = 1D6058960D05DD3E006BFB54 /* Build configuration list for PBXNativeTarget "conFusion" */;
			buildPhases = (
				304B58A110DAC018002A0835 /* Copy www directory */,
				1D60588D0D05DD3D006BFB54 /* Resources */,
				1D60588E0D05DD3D006BFB54 /* Sources */,
				1D60588F0D05DD3D006BFB54 /* Frameworks */,
			);
			buildRules = (
			);
			dependencies = (
				301BF551109A68C00062928A /* PBXTargetDependency */,
			);
			name = "conFusion";
			productName = "conFusion";
			productReference = 1D6058910D05DD3D006BFB54 /* conFusion.app */;
			productType = "com.apple.product-type.application";
		};
/* End PBXNativeTarget section */

/* Begin PBXProject section */
		29B97313FDCFA39411CA2CEA /* Project object */ = {
			isa = PBXProject;
			attributes = {
				LastUpgradeCheck = 510;
			};
			buildConfigurationList = C01FCF4E08A954540054247B /* Build configuration list for PBXProject "__NON-CLI__" */;
			compatibilityVersion = "Xcode 3.2";
			developmentRegion = English;
			hasScannedForEncodings = 1;
			mainGroup = 29B97314FDCFA39411CA2CEA /* CustomTemplate */;
			projectDirPath = "";
			projectReferences = (
				{
					ProductGroup = 301BF52E109A57CC0062928A /* Products */;
					ProjectRef = 301BF52D109A57CC0062928A /* CordovaLib.xcodeproj */;
				},
			);
			projectRoot = "";
			targets = (
				1D6058900D05DD3D006BFB54 /* conFusion */,
			);
		};
/* End PBXProject section */

/* Begin PBXReferenceProxy section */
		301BF535109A57CC0062928A /* libCordova.a */ = {
			isa = PBXReferenceProxy;
			fileType = archive.ar;
			path = libCordova.a;
			remoteRef = 301BF534109A57CC0062928A /* PBXContainerItemProxy */;
			sourceTree = BUILT_PRODUCTS_DIR;
		};
/* End PBXReferenceProxy section */

/* Begin PBXResourcesBuildPhase section */
		1D60588D0D05DD3D006BFB54 /* Resources */ = {
			isa = PBXResourcesBuildPhase;
			buildActionMask = 2147483647;
			files = (
				302D95F214D2391D003F00A1 /* MainViewController.xib in Resources */,
				0207DA581B56EA530066E2B4 /* Images.xcassets in Resources */,
				6AFF5BF91D6E424B00AB3073 /* CDVLaunchScreen.storyboard in Resources */,
			);
			runOnlyForDeploymentPostprocessing = 0;
		};
/* End PBXResourcesBuildPhase section */

/* Begin PBXShellScriptBuildPhase section */
		304B58A110DAC018002A0835 /* Copy www directory */ = {
			isa = PBXShellScriptBuildPhase;
			buildActionMask = 2147483647;
			files = (
			);
			inputPaths = (
			);
			name = "Copy www directory";
			outputPaths = (
			);
			runOnlyForDeploymentPostprocessing = 0;
			shellPath = /bin/sh;
			shellScript = "NODEJS_PATH=/usr/local/bin; NVM_NODE_PATH=~/.nvm/versions/node/`nvm version 2>/dev/null`/bin; N_NODE_PATH=`find /usr/local/n/versions/node/* -maxdepth 0 -type d 2>/dev/null | tail -1`/bin; XCODE_NODE_PATH=`xcode-select --print-path`/usr/share/xcs/Node/bin; PATH=$NODEJS_PATH:$NVM_NODE_PATH:$N_NODE_PATH:$XCODE_NODE_PATH:$PATH && node cordova/lib/copy-www-build-step.js";
			showEnvVarsInLog = 0;
		};
/* End PBXShellScriptBuildPhase section */

/* Begin PBXSourcesBuildPhase section */
		1D60588E0D05DD3D006BFB54 /* Sources */ = {
			isa = PBXSourcesBuildPhase;
			buildActionMask = 2147483647;
			files = (
				1D60589B0D05DD56006BFB54 /* main.m in Sources */,
				1D3623260D0F684500981E51 /* AppDelegate.m in Sources */,
				302D95F114D2391D003F00A1 /* MainViewController.m in Sources */,
				E3E6E8C7C06847058F1213D0 /* AppDelegate+APPAppEvent.m in Sources */,
				AF8ECFF51660467EB50A3205 /* CDVPlugin+APPAppEvent.m in Sources */,
				2BC31E874E2045FE8A90E7E5 /* CDVDevice.m in Sources */,
				62DD1D6EAAB84BA886FC1657 /* CDVWKWebViewEngine.m in Sources */,
				9D8EE4880EBF43718E67D04B /* CDVWKWebViewUIDelegate.m in Sources */,
				CEF281BD511A47FAAB63CFD3 /* CDVWKProcessPoolFactory.m in Sources */,
				A58A9E305D2145A388045577 /* GCDWebServer.m in Sources */,
				57B1CCB7FD304B58ADF88A5C /* GCDWebServerConnection.m in Sources */,
				701CEF9025AE4DC29189F251 /* GCDWebServerFunctions.m in Sources */,
				4615E3C84E834EC4B7B3DE66 /* GCDWebServerRequest.m in Sources */,
				EEB638084072437EA5B568AA /* GCDWebServerResponse.m in Sources */,
				2E17245FAF6B4F65A9CEAFF0 /* GCDWebServerDataRequest.m in Sources */,
				38D7C73FF403493E8E848D7C /* GCDWebServerFileRequest.m in Sources */,
				C3DA5E9F9D79472F8F073886 /* GCDWebServerMultiPartFormRequest.m in Sources */,
				252F62B916394FC29C86F8FC /* GCDWebServerURLEncodedFormRequest.m in Sources */,
				6EE6610B5F4C476BACDA9F9C /* GCDWebServerDataResponse.m in Sources */,
				2C2A64CE4E494408A0899E21 /* GCDWebServerErrorResponse.m in Sources */,
				FCD372D829AA490A9B5F3289 /* GCDWebServerFileResponse.m in Sources */,
				6E82CA3F5A5044DF93E8BC79 /* GCDWebServerStreamedResponse.m in Sources */,
				8C86DD17B61C488488B52AB4 /* CDVSplashScreen.m in Sources */,
				93E6C47EED1841B88BB6F208 /* CDVViewController+SplashScreen.m in Sources */,
				42A418E9BA25434798FDB0E9 /* Toast+UIView.m in Sources */,
				FFB434EB5A1C498FA8AF3F62 /* Toast.m in Sources */,
				562480FA61AC4FBAA45C5F2F /* APPLocalNotification.m in Sources */,
				ACE7721C7EFF4DACA94AC49B /* APPLocalNotificationOptions.m in Sources */,
				52BF4B30AD5D4B079F889EF3 /* UNUserNotificationCenter+APPLocalNotification.m in Sources */,
				75A38366DCE74467A39A67A9 /* UNMutableNotificationContent+APPLocalNotification.m in Sources */,
				9EB0925ED2364B4FB2052A2C /* UNNotificationRequest+APPLocalNotification.m in Sources */,
				196CD7DB32D4448892BD86C1 /* APPLocalNotificationOptions.ios9.m in Sources */,
				1434979586F54555A72674E3 /* UIApplication+APPLocalNotification.ios9.m in Sources */,
				733ACB64738B40318E900270 /* UILocalNotification+APPLocalNotification.ios9.m in Sources */,
				78847D68975148E68F5234F8 /* IonicKeyboard.m in Sources */,
				76E4AD467710443BBBB6E78F /* UIImage+CropScaleOrientation.m in Sources */,
				108E7DCB9A364858A924F0D9 /* CDVCamera.m in Sources */,
				7717593A3CD5426D8AFB91EC /* CDVJpegHeaderWriter.m in Sources */,
			);
			runOnlyForDeploymentPostprocessing = 0;
		};
/* End PBXSourcesBuildPhase section */

/* Begin PBXTargetDependency section */
		301BF551109A68C00062928A /* PBXTargetDependency */ = {
			isa = PBXTargetDependency;
			name = CordovaLib;
			targetProxy = 301BF550109A68C00062928A /* PBXContainerItemProxy */;
		};
/* End PBXTargetDependency section */

/* Begin XCBuildConfiguration section */
		1D6058940D05DD3E006BFB54 /* Debug */ = {
			isa = XCBuildConfiguration;
			baseConfigurationReference = 3047A50F1AB8059700498E2A /* build-debug.xcconfig */;
			buildSettings = {
				ALWAYS_SEARCH_USER_PATHS = NO;
				ASSETCATALOG_COMPILER_APPICON_NAME = AppIcon;
				ASSETCATALOG_COMPILER_LAUNCHIMAGE_NAME = LaunchImage;
				CLANG_ENABLE_MODULES = YES;
				CLANG_ENABLE_OBJC_ARC = YES;
				COPY_PHASE_STRIP = NO;
				GCC_DYNAMIC_NO_PIC = NO;
				GCC_OPTIMIZATION_LEVEL = 0;
				GCC_PRECOMPILE_PREFIX_HEADER = YES;
				GCC_PREFIX_HEADER = "conFusion/conFusion-Prefix.pch";
				GCC_THUMB_SUPPORT = NO;
				GCC_VERSION = "";
				INFOPLIST_FILE = "conFusion/conFusion-Info.plist";
				IPHONEOS_DEPLOYMENT_TARGET = 9.0;
				LD_RUNPATH_SEARCH_PATHS = "@executable_path/Frameworks";
				TARGETED_DEVICE_FAMILY = "1,2";
				PRODUCT_NAME = "conFusion";
			};
			name = Debug;
		};
		1D6058950D05DD3E006BFB54 /* Release */ = {
			isa = XCBuildConfiguration;
			baseConfigurationReference = 3047A5101AB8059700498E2A /* build-release.xcconfig */;
			buildSettings = {
				ALWAYS_SEARCH_USER_PATHS = NO;
				ASSETCATALOG_COMPILER_APPICON_NAME = AppIcon;
				ASSETCATALOG_COMPILER_LAUNCHIMAGE_NAME = LaunchImage;
				CLANG_ENABLE_MODULES = YES;
				CLANG_ENABLE_OBJC_ARC = YES;
				COPY_PHASE_STRIP = YES;
				GCC_PRECOMPILE_PREFIX_HEADER = YES;
				GCC_PREFIX_HEADER = "conFusion/conFusion-Prefix.pch";
				GCC_THUMB_SUPPORT = NO;
				GCC_VERSION = "";
				INFOPLIST_FILE = "conFusion/conFusion-Info.plist";
				IPHONEOS_DEPLOYMENT_TARGET = 9.0;
				LD_RUNPATH_SEARCH_PATHS = "@executable_path/Frameworks";
				TARGETED_DEVICE_FAMILY = "1,2";
				PRODUCT_NAME = "conFusion";
			};
			name = Release;
		};
		C01FCF4F08A954540054247B /* Debug */ = {
			isa = XCBuildConfiguration;
			baseConfigurationReference = 3047A5111AB8059700498E2A /* build.xcconfig */;
			buildSettings = {
				CLANG_ENABLE_MODULES = YES;
				CLANG_ENABLE_OBJC_ARC = YES;
				CLANG_WARN_BOOL_CONVERSION = YES;
				CLANG_WARN_CONSTANT_CONVERSION = YES;
				CLANG_WARN_EMPTY_BODY = YES;
				CLANG_WARN_ENUM_CONVERSION = YES;
				CLANG_WARN_INT_CONVERSION = YES;
				CLANG_WARN__DUPLICATE_METHOD_MATCH = YES;
				GCC_C_LANGUAGE_STANDARD = c99;
				GCC_THUMB_SUPPORT = NO;
				GCC_VERSION = "";
				GCC_WARN_ABOUT_RETURN_TYPE = YES;
				GCC_WARN_UNDECLARED_SELECTOR = YES;
				GCC_WARN_UNINITIALIZED_AUTOS = YES;
				GCC_WARN_UNUSED_FUNCTION = YES;
				GCC_WARN_UNUSED_VARIABLE = YES;
				ONLY_ACTIVE_ARCH = YES;
				SDKROOT = iphoneos;
				SKIP_INSTALL = NO;
			};
			name = Debug;
		};
		C01FCF5008A954540054247B /* Release */ = {
			isa = XCBuildConfiguration;
			baseConfigurationReference = 3047A5111AB8059700498E2A /* build.xcconfig */;
			buildSettings = {
				CLANG_ENABLE_MODULES = YES;
				CLANG_ENABLE_OBJC_ARC = YES;
				CLANG_WARN_BOOL_CONVERSION = YES;
				CLANG_WARN_CONSTANT_CONVERSION = YES;
				CLANG_WARN_EMPTY_BODY = YES;
				CLANG_WARN_ENUM_CONVERSION = YES;
				CLANG_WARN_INT_CONVERSION = YES;
				CLANG_WARN__DUPLICATE_METHOD_MATCH = YES;
				GCC_C_LANGUAGE_STANDARD = c99;
				GCC_THUMB_SUPPORT = NO;
				GCC_VERSION = "";
				GCC_WARN_ABOUT_RETURN_TYPE = YES;
				GCC_WARN_UNDECLARED_SELECTOR = YES;
				GCC_WARN_UNINITIALIZED_AUTOS = YES;
				GCC_WARN_UNUSED_FUNCTION = YES;
				GCC_WARN_UNUSED_VARIABLE = YES;
				SDKROOT = iphoneos;
				SKIP_INSTALL = NO;
			};
			name = Release;
		};
/* End XCBuildConfiguration section */

/* Begin XCConfigurationList section */
		1D6058960D05DD3E006BFB54 /* Build configuration list for PBXNativeTarget "conFusion" */ = {
			isa = XCConfigurationList;
			buildConfigurations = (
				1D6058940D05DD3E006BFB54 /* Debug */,
				1D6058950D05DD3E006BFB54 /* Release */,
			);
			defaultConfigurationIsVisible = 0;
			defaultConfigurationName = Release;
		};
		C01FCF4E08A954540054247B /* Build configuration list for PBXProject "__NON-CLI__" */ = {
			isa = XCConfigurationList;
			buildConfigurations = (
				C01FCF4F08A954540054247B /* Debug */,
				C01FCF5008A954540054247B /* Release */,
			);
			defaultConfigurationIsVisible = 0;
			defaultConfigurationName = Release;
		};
/* End XCConfigurationList section */
	};
	rootObject = 29B97313FDCFA39411CA2CEA /* Project object */;
}
