// !$*UTF8*$!
{
	archiveVersion = 1;
	classes = {
	};
	objectVersion = 46;
	objects = {
/* Begin PBXBuildFile section */
		0207DA581B56EA530066E2B4 /* Images.xcassets in Resources */ = {isa = PBXBuildFile; fileRef = 0207DA571B56EA530066E2B4 /* Images.xcassets */; };
		1D3623260D0F684500981E51 /* AppDelegate.m in Sources */ = {isa = PBXBuildFile; fileRef = 1D3623250D0F684500981E51 /* AppDelegate.m */; };
		1D60589B0D05DD56006BFB54 /* main.m in Sources */ = {isa = PBXBuildFile; fileRef = 29B97316FDCFA39411CA2CEA /* main.m */; };
		301BF552109A68D80062928A /* libCordova.a in Frameworks */ = {isa = PBXBuildFile; fileRef = 301BF535109A57CC0062928A /* libCordova.a */; };
		302D95F114D2391D003F00A1 /* MainViewController.m in Sources */ = {isa = PBXBuildFile; fileRef = 302D95EF14D2391D003F00A1 /* MainViewController.m */; };
		302D95F214D2391D003F00A1 /* MainViewController.xib in Resources */ = {isa = PBXBuildFile; fileRef = 302D95F014D2391D003F00A1 /* MainViewController.xib */; };
		3047A5121AB8059700498E2A /* build-debug.xcconfig in Resources */ = {isa = PBXBuildFile; fileRef = 3047A50F1AB8059700498E2A /* build-debug.xcconfig */; };
		3047A5131AB8059700498E2A /* build-release.xcconfig in Resources */ = {isa = PBXBuildFile; fileRef = 3047A5101AB8059700498E2A /* build-release.xcconfig */; };
		3047A5141AB8059700498E2A /* build.xcconfig in Resources */ = {isa = PBXBuildFile; fileRef = 3047A5111AB8059700498E2A /* build.xcconfig */; };
		6AFF5BF91D6E424B00AB3073 /* CDVLaunchScreen.storyboard in Resources */ = {isa = PBXBuildFile; fileRef = 6AFF5BF81D6E424B00AB3073 /* CDVLaunchScreen.storyboard */; };
		C6DE5EAEF01F444186D635B4 /* CDVDevice.m in Sources */ = {isa = PBXBuildFile; fileRef = 3FBB363E9FF1419E859D0867 /* CDVDevice.m */; };
		9C1240F76A224C3E951D1563 /* CDVWKWebViewEngine.m in Sources */ = {isa = PBXBuildFile; fileRef = DF8CD32F7BA740A8B8785BCF /* CDVWKWebViewEngine.m */; };
		9FDB3AD108584C7586482CB1 /* CDVWKWebViewUIDelegate.m in Sources */ = {isa = PBXBuildFile; fileRef = D7D022449A974D35B0C27C28 /* CDVWKWebViewUIDelegate.m */; };
		5671104548E94BC388799A02 /* CDVWKProcessPoolFactory.m in Sources */ = {isa = PBXBuildFile; fileRef = 065511F35C3045378CEDF177 /* CDVWKProcessPoolFactory.m */; };
		39F4B9F7F24C41719F3E3260 /* GCDWebServer.m in Sources */ = {isa = PBXBuildFile; fileRef = F6C99DB37D7B4BBC902BC60F /* GCDWebServer.m */; };
		E80A665DC8464DE1B047638D /* GCDWebServerConnection.m in Sources */ = {isa = PBXBuildFile; fileRef = 92C66489FED94381B0CE9A28 /* GCDWebServerConnection.m */; };
		B0FFA1F147CF4DBF811E07AF /* GCDWebServerFunctions.m in Sources */ = {isa = PBXBuildFile; fileRef = 8BB1CF353091476B8B41DB12 /* GCDWebServerFunctions.m */; };
		3C315E8306FA490D8BA481C7 /* GCDWebServerRequest.m in Sources */ = {isa = PBXBuildFile; fileRef = F72DA7621A9649BF9D14B648 /* GCDWebServerRequest.m */; };
		DE893846A6A14AC8A0D69ECF /* GCDWebServerResponse.m in Sources */ = {isa = PBXBuildFile; fileRef = E2E9A96E9F9142D59607EDBD /* GCDWebServerResponse.m */; };
		1BE12D18E5D84A0080474FBF /* GCDWebServerDataRequest.m in Sources */ = {isa = PBXBuildFile; fileRef = BE03C1D6D1E546069FFCF9DD /* GCDWebServerDataRequest.m */; };
		BCB6CDF855C047E08370D1B1 /* GCDWebServerFileRequest.m in Sources */ = {isa = PBXBuildFile; fileRef = 141E4A3176EF4490A5D41F83 /* GCDWebServerFileRequest.m */; };
		7E4178859CF44CDCBA02E438 /* GCDWebServerMultiPartFormRequest.m in Sources */ = {isa = PBXBuildFile; fileRef = 631772A5A442403CBDACDDF1 /* GCDWebServerMultiPartFormRequest.m */; };
		D8BF7318EE334DEB8334E0E0 /* GCDWebServerURLEncodedFormRequest.m in Sources */ = {isa = PBXBuildFile; fileRef = 6CDA516DB9A4402A9E7A17D8 /* GCDWebServerURLEncodedFormRequest.m */; };
		9A78D9EC55414D4892180DB6 /* GCDWebServerDataResponse.m in Sources */ = {isa = PBXBuildFile; fileRef = 6EA1345E76C24111B75A8263 /* GCDWebServerDataResponse.m */; };
		F87F42E716ED48848FA0DBE2 /* GCDWebServerErrorResponse.m in Sources */ = {isa = PBXBuildFile; fileRef = 30695C4281154B5888E283DC /* GCDWebServerErrorResponse.m */; };
		7E4277B8A7DF4FB4AE30E931 /* GCDWebServerFileResponse.m in Sources */ = {isa = PBXBuildFile; fileRef = D7F8FF015C43498FBF7BAFC2 /* GCDWebServerFileResponse.m */; };
		A39CF43DCFB042B7A690D265 /* GCDWebServerStreamedResponse.m in Sources */ = {isa = PBXBuildFile; fileRef = 24508934AA204479B8AA0BAF /* GCDWebServerStreamedResponse.m */; };
		86923C2BEECF48B09B3D0F82 /* WebKit.framework in Frameworks */ = {isa = PBXBuildFile; fileRef = C0AE6194A4CF46E0A9C2B3C5 /* WebKit.framework */; settings = {ATTRIBUTES = (Weak, ); }; };
		434159D1BD8D4EA4A181CB17 /* libz.tbd in Frameworks */ = {isa = PBXBuildFile; fileRef = 29A06FF3AC55452DAA53AE06 /* libz.tbd */; };
		0B344F4FC1754BD2AC4C8950 /* CDVSplashScreen.m in Sources */ = {isa = PBXBuildFile; fileRef = B8A227E4612B4DC4A8487452 /* CDVSplashScreen.m */; };
		EC9BCF84BF4A4C05B519DCFA /* CDVViewController+SplashScreen.m in Sources */ = {isa = PBXBuildFile; fileRef = 9C24385EB9454A27AA28DAFE /* CDVViewController+SplashScreen.m */; };
		D235DD2D5E4448A9908D7A4A /* Toast+UIView.m in Sources */ = {isa = PBXBuildFile; fileRef = 0DB5265BAAEF4E6B86BBDD0B /* Toast+UIView.m */; };
		F07C5A5A48844FD4B750C3F1 /* Toast.m in Sources */ = {isa = PBXBuildFile; fileRef = 0668008BF75F48E5ADE68686 /* Toast.m */; };
		0EC19E06FA9F4290921D4982 /* QuartzCore.framework in Frameworks */ = {isa = PBXBuildFile; fileRef = 31473F62912E42C5A88E3FA3 /* QuartzCore.framework */; };
		4449E06349DC411BBDB56788 /* IonicKeyboard.m in Sources */ = {isa = PBXBuildFile; fileRef = A3EBBFAD5FBF4276B3A8276E /* IonicKeyboard.m */; };
		569C4AB4AF3E4EE0BF7F60D7 /* UIImage+CropScaleOrientation.m in Sources */ = {isa = PBXBuildFile; fileRef = 742226E1E8944125847A499D /* UIImage+CropScaleOrientation.m */; };
		9E724B7B50A94210A601C3CB /* CDVCamera.m in Sources */ = {isa = PBXBuildFile; fileRef = 3EC97F5A10164AA3AD071773 /* CDVCamera.m */; };
		244F0FC577CD4CE2ACD42848 /* CDVJpegHeaderWriter.m in Sources */ = {isa = PBXBuildFile; fileRef = D125E6D338474F99A84DB9DB /* CDVJpegHeaderWriter.m */; };
		EFF30D6BD877450D8E8B2F01 /* ImageIO.framework in Frameworks */ = {isa = PBXBuildFile; fileRef = D2CD560AD03640CCAD1F2E18 /* ImageIO.framework */; settings = {ATTRIBUTES = (Weak, ); }; };
		F418A125C3024D06AB608589 /* CoreLocation.framework in Frameworks */ = {isa = PBXBuildFile; fileRef = 4E3F44ED032049DCA7E6F108 /* CoreLocation.framework */; };
		DAF97ADFC56E4C91BE1E3480 /* AVFoundation.framework in Frameworks */ = {isa = PBXBuildFile; fileRef = EF5A5B5863884968AC95ECCB /* AVFoundation.framework */; };
		608F98627C9F4CA2802F59E7 /* SOSPicker.m in Sources */ = {isa = PBXBuildFile; fileRef = 2EDA4FB332D74555AB406DB1 /* SOSPicker.m */; };
		2B658A5BE746499FBE1B491D /* UIImage+fixOrientation.m in Sources */ = {isa = PBXBuildFile; fileRef = 6C1F3493CA2B4E5986B83A0A /* UIImage+fixOrientation.m */; };
		0814C6BBD0A0449D8B5A8451 /* GMAlbumsViewCell.m in Sources */ = {isa = PBXBuildFile; fileRef = FC9BEBA7471A484AA27BF14C /* GMAlbumsViewCell.m */; };
		61E851CFE90949FB85EBA7B6 /* GMAlbumsViewController.m in Sources */ = {isa = PBXBuildFile; fileRef = 0CF2CBA287D940549CB1CA4A /* GMAlbumsViewController.m */; };
		A0D1B27E844D484A8AD137E9 /* GMFetchItem.m in Sources */ = {isa = PBXBuildFile; fileRef = 4BA634CC2A3D43D090DEA12C /* GMFetchItem.m */; };
		82F9DCF4EC6D45B7A206A999 /* GMGridViewCell.m in Sources */ = {isa = PBXBuildFile; fileRef = 6896D33FB6B24CBF8DE5BC01 /* GMGridViewCell.m */; };
		2A3CAED7425F4C04B851DE1B /* GMGridViewController.m in Sources */ = {isa = PBXBuildFile; fileRef = 4A3632A47B4B40969941F316 /* GMGridViewController.m */; };
		C59F683D9ED44748BC906884 /* GMImagePickerController.m in Sources */ = {isa = PBXBuildFile; fileRef = 1508B7F22E114F2BB74DF0B7 /* GMImagePickerController.m */; };
		405E0D06F03444E78CDD39CB /* PSYBlockTimer.m in Sources */ = {isa = PBXBuildFile; fileRef = 7E55A1CA79F847D8BEED6B09 /* PSYBlockTimer.m */; };
		0E773B6883E54E4385B6B650 /* GMPHAsset.m in Sources */ = {isa = PBXBuildFile; fileRef = 4A168B20A7BE468893355D9C /* GMPHAsset.m */; };
		B68A0E55B0E046D0A5015C49 /* GMEmptyFolder@1x.png in Resources */ = {isa = PBXBuildFile; fileRef = C494C134DE5D412A97844A8B /* GMEmptyFolder@1x.png */; };
		522822965B8E4E699915A0F1 /* GMEmptyFolder@2x.png in Resources */ = {isa = PBXBuildFile; fileRef = 6889622202104146B4BA18F8 /* GMEmptyFolder@2x.png */; };
		400CE8DBBA614FCA9767D655 /* GMSelected.png in Resources */ = {isa = PBXBuildFile; fileRef = CA8F4302FF6447F1AF2DB362 /* GMSelected.png */; };
		DB3537A9B29B4A0F8313347E /* GMSelected@2x.png in Resources */ = {isa = PBXBuildFile; fileRef = 2AB70FE6EE1D40AA8C2F3626 /* GMSelected@2x.png */; };
		F8E7F6969D274A26BC1C6380 /* GMVideoIcon.png in Resources */ = {isa = PBXBuildFile; fileRef = 6989F4CD56714886BF9AC279 /* GMVideoIcon.png */; };
		FE23ABD0D75745BAA34CC5A9 /* GMVideoIcon@2x.png in Resources */ = {isa = PBXBuildFile; fileRef = 19145BBFDFB04DFDB8C3441E /* GMVideoIcon@2x.png */; };
		5C440D4842814E8D93E31F89 /* ca.lproj in Resources */ = {isa = PBXBuildFile; fileRef = C0639BF2A3954D66AD8173FC /* ca.lproj */; };
		64E69CFE30BD49A9ABF5FC09 /* de.lproj in Resources */ = {isa = PBXBuildFile; fileRef = EC372944D89E419AAACD3F1F /* de.lproj */; };
		3C6938E1C1494E28ABAFF093 /* en.lproj in Resources */ = {isa = PBXBuildFile; fileRef = 91E6C5F1D15943A6B16CB35C /* en.lproj */; };
		53DC8515C94D46C3B065738F /* es.lproj in Resources */ = {isa = PBXBuildFile; fileRef = 7874E20C59804E5BA84B7F5E /* es.lproj */; };
		D9A5D1BD1C3141799CE371D2 /* fr.lproj in Resources */ = {isa = PBXBuildFile; fileRef = B80A4321E6914380A517B949 /* fr.lproj */; };
		F9CC71BDA12F4446B8A8CDF4 /* it.lproj in Resources */ = {isa = PBXBuildFile; fileRef = 1DAFF6989CA24053AEC65214 /* it.lproj */; };
		8C19E6619E45488881477478 /* pt.lproj in Resources */ = {isa = PBXBuildFile; fileRef = 6E3AFDA522AC4DB9BA9B239F /* pt.lproj */; };
		9CE1D9B9FCBE44FC88DB122B /* Accelerate.framework in Frameworks */ = {isa = PBXBuildFile; fileRef = 4096F4AF00B6418D853BFE57 /* Accelerate.framework */; };
		40F473D412E946A08E429C07 /* Security.framework in Frameworks */ = {isa = PBXBuildFile; fileRef = 0A8C3B77FF1E438A9521BF06 /* Security.framework */; };
		DE384972CA6A450CA9BED820 /* Photos.framework in Frameworks */ = {isa = PBXBuildFile; fileRef = 712F6E4D7FBE4121A7931C84 /* Photos.framework */; };
		A7D591EBBC034CE5965F6C6A /* SystemConfiguration.framework in Frameworks */ = {isa = PBXBuildFile; fileRef = BEBE08C350F84EE7A9141BD5 /* SystemConfiguration.framework */; };
		77C783568F884F54BDFC40BD /* AppDelegate+APPAppEvent.m in Sources */ = {isa = PBXBuildFile; fileRef = D060D18C6E3346AE9C8F400F /* AppDelegate+APPAppEvent.m */; };
		32F8A0A09EAB4692BDFE96FF /* CDVPlugin+APPAppEvent.m in Sources */ = {isa = PBXBuildFile; fileRef = 43E76AA5484B4E1AA50AD7D1 /* CDVPlugin+APPAppEvent.m */; };
		B1A2A3AB2E2542BBA8C4FBB4 /* APPLocalNotification.m in Sources */ = {isa = PBXBuildFile; fileRef = 177A4ACC0A6E401D9534E871 /* APPLocalNotification.m */; };
		8FCC0F8A5C95469C8AE8C3BF /* APPLocalNotificationOptions.m in Sources */ = {isa = PBXBuildFile; fileRef = 72F7D56A7D9743A7BB613423 /* APPLocalNotificationOptions.m */; };
		764C6355BD6D4642B2E2DC9A /* UNUserNotificationCenter+APPLocalNotification.m in Sources */ = {isa = PBXBuildFile; fileRef = 78169371B47146AB9BC86E3A /* UNUserNotificationCenter+APPLocalNotification.m */; };
		3D63C01C4390467CB01E8694 /* UNMutableNotificationContent+APPLocalNotification.m in Sources */ = {isa = PBXBuildFile; fileRef = EAB8997489D440169EC84D83 /* UNMutableNotificationContent+APPLocalNotification.m */; };
		9F4D111364464A7CBAB38DF6 /* UNNotificationRequest+APPLocalNotification.m in Sources */ = {isa = PBXBuildFile; fileRef = 94119AC51D114C81A0685B94 /* UNNotificationRequest+APPLocalNotification.m */; };
		7E7108E88E36412BBC590306 /* APPLocalNotificationOptions.ios9.m in Sources */ = {isa = PBXBuildFile; fileRef = 9578525349AB47B9A4E6BAF3 /* APPLocalNotificationOptions.ios9.m */; };
		18BFD2FAFCCF4E6BAC966B79 /* UIApplication+APPLocalNotification.ios9.m in Sources */ = {isa = PBXBuildFile; fileRef = 216C8D5FE51C4D7CBBB21AE8 /* UIApplication+APPLocalNotification.ios9.m */; };
		BA342A51FCC74B1E9F12ADD1 /* UILocalNotification+APPLocalNotification.ios9.m in Sources */ = {isa = PBXBuildFile; fileRef = 9AB352B8296749B882544044 /* UILocalNotification+APPLocalNotification.ios9.m */; };
		330F937ADB3E46FCB5507180 /* UserNotifications.framework in Frameworks */ = {isa = PBXBuildFile; fileRef = 6FA13143B82245ACAC6F7ADA /* UserNotifications.framework */; };
/* End PBXBuildFile section */

/* Begin PBXContainerItemProxy section */
		301BF534109A57CC0062928A /* PBXContainerItemProxy */ = {
			isa = PBXContainerItemProxy;
			containerPortal = 301BF52D109A57CC0062928A /* CordovaLib.xcodeproj */;
			proxyType = 2;
			remoteGlobalIDString = D2AAC07E0554694100DB518D;
			remoteInfo = CordovaLib;
		};
		301BF550109A68C00062928A /* PBXContainerItemProxy */ = {
			isa = PBXContainerItemProxy;
			containerPortal = 301BF52D109A57CC0062928A /* CordovaLib.xcodeproj */;
			proxyType = 1;
			remoteGlobalIDString = D2AAC07D0554694100DB518D;
			remoteInfo = CordovaLib;
		};
/* End PBXContainerItemProxy section */

/* Begin PBXFileReference section */
		0207DA571B56EA530066E2B4 /* Images.xcassets */ = {isa = PBXFileReference; lastKnownFileType = folder.assetcatalog; name = Images.xcassets; path = "conFusion/Images.xcassets"; sourceTree = SOURCE_ROOT; };
		1D3623240D0F684500981E51 /* AppDelegate.h */ = {isa = PBXFileReference; fileEncoding = 4; lastKnownFileType = sourcecode.c.h; path = AppDelegate.h; sourceTree = "<group>"; };
		1D3623250D0F684500981E51 /* AppDelegate.m */ = {isa = PBXFileReference; fileEncoding = 4; lastKnownFileType = sourcecode.c.objc; path = AppDelegate.m; sourceTree = "<group>"; };
		1D6058910D05DD3D006BFB54 /* conFusion.app */ = {isa = PBXFileReference; explicitFileType = wrapper.application; includeInIndex = 0; path = "conFusion.app"; sourceTree = BUILT_PRODUCTS_DIR; };
		29B97316FDCFA39411CA2CEA /* main.m */ = {isa = PBXFileReference; fileEncoding = 4; lastKnownFileType = sourcecode.c.objc; path = main.m; sourceTree = "<group>"; };
		301BF52D109A57CC0062928A /* CordovaLib.xcodeproj */ = {isa = PBXFileReference; lastKnownFileType = "wrapper.pb-project"; path = CordovaLib/CordovaLib.xcodeproj; sourceTree = "<group>"; };
		301BF56E109A69640062928A /* www */ = {isa = PBXFileReference; lastKnownFileType = folder; path = www; sourceTree = SOURCE_ROOT; };
		302D95EE14D2391D003F00A1 /* MainViewController.h */ = {isa = PBXFileReference; fileEncoding = 4; lastKnownFileType = sourcecode.c.h; path = MainViewController.h; sourceTree = "<group>"; };
		302D95EF14D2391D003F00A1 /* MainViewController.m */ = {isa = PBXFileReference; fileEncoding = 4; lastKnownFileType = sourcecode.c.objc; path = MainViewController.m; sourceTree = "<group>"; };
		302D95F014D2391D003F00A1 /* MainViewController.xib */ = {isa = PBXFileReference; fileEncoding = 4; lastKnownFileType = file.xib; path = MainViewController.xib; sourceTree = "<group>"; };
		3047A50F1AB8059700498E2A /* build-debug.xcconfig */ = {isa = PBXFileReference; fileEncoding = 4; lastKnownFileType = text.xcconfig; name = "build-debug.xcconfig"; path = cordova/build-debug.xcconfig; sourceTree = SOURCE_ROOT; };
		3047A5101AB8059700498E2A /* build-release.xcconfig */ = {isa = PBXFileReference; fileEncoding = 4; lastKnownFileType = text.xcconfig; name = "build-release.xcconfig"; path = cordova/build-release.xcconfig; sourceTree = SOURCE_ROOT; };
		3047A5111AB8059700498E2A /* build.xcconfig */ = {isa = PBXFileReference; fileEncoding = 4; lastKnownFileType = text.xcconfig; name = build.xcconfig; path = cordova/build.xcconfig; sourceTree = SOURCE_ROOT; };
		32CA4F630368D1EE00C91783 /* conFusion-Prefix.pch */ = {isa = PBXFileReference; fileEncoding = 4; lastKnownFileType = sourcecode.c.h; path = "conFusion-Prefix.pch"; sourceTree = "<group>"; };
		6AFF5BF81D6E424B00AB3073 /* CDVLaunchScreen.storyboard */ = {isa = PBXFileReference; fileEncoding = 4; lastKnownFileType = file.storyboard; name = CDVLaunchScreen.storyboard; path = "conFusion/CDVLaunchScreen.storyboard"; sourceTree = SOURCE_ROOT; };
		8D1107310486CEB800E47090 /* conFusion-Info.plist */ = {isa = PBXFileReference; fileEncoding = 4; lastKnownFileType = text.plist.xml; name = "conFusion-Info.plist"; path = "conFusion/conFusion-Info.plist"; plistStructureDefinitionIdentifier = "com.apple.xcode.plist.structure-definition.iphone.info-plist"; sourceTree = SOURCE_ROOT; };
		EB87FDF31871DA8E0020F90C /* www */ = {isa = PBXFileReference; lastKnownFileType = folder; name = www; path = ../../www; sourceTree = "<group>"; };
		EB87FDF41871DAF40020F90C /* config.xml */ = {isa = PBXFileReference; lastKnownFileType = text.xml; name = config.xml; path = ../../config.xml; sourceTree = "<group>"; };
		F840E1F0165FE0F500CFE078 /* config.xml */ = {isa = PBXFileReference; lastKnownFileType = text.xml; name = config.xml; path = "conFusion/config.xml"; sourceTree = "<group>"; };
		ED33DF2A687741AEAF9F8254 /* Bridging-Header.h */ = {isa = PBXFileReference; fileEncoding = 4; lastKnownFileType = sourcecode.c.h; name = "Bridging-Header.h"; path = "Bridging-Header.h"; sourceTree = "<group>"; };
		3FBB363E9FF1419E859D0867 /* CDVDevice.m */ = {isa = PBXFileReference; name = "CDVDevice.m"; path = "cordova-plugin-device/CDVDevice.m"; sourceTree = "<group>"; fileEncoding = 4; lastKnownFileType = sourcecode.c.objc; explicitFileType = undefined; includeInIndex = 0; };
		17683BB7AA6A4A619E93286B /* CDVDevice.h */ = {isa = PBXFileReference; name = "CDVDevice.h"; path = "cordova-plugin-device/CDVDevice.h"; sourceTree = "<group>"; fileEncoding = 4; lastKnownFileType = sourcecode.c.h; explicitFileType = undefined; includeInIndex = 0; };
		DF8CD32F7BA740A8B8785BCF /* CDVWKWebViewEngine.m */ = {isa = PBXFileReference; name = "CDVWKWebViewEngine.m"; path = "cordova-plugin-ionic-webview/CDVWKWebViewEngine.m"; sourceTree = "<group>"; fileEncoding = 4; lastKnownFileType = sourcecode.c.objc; explicitFileType = undefined; includeInIndex = 0; };
		D7D022449A974D35B0C27C28 /* CDVWKWebViewUIDelegate.m */ = {isa = PBXFileReference; name = "CDVWKWebViewUIDelegate.m"; path = "cordova-plugin-ionic-webview/CDVWKWebViewUIDelegate.m"; sourceTree = "<group>"; fileEncoding = 4; lastKnownFileType = sourcecode.c.objc; explicitFileType = undefined; includeInIndex = 0; };
		065511F35C3045378CEDF177 /* CDVWKProcessPoolFactory.m */ = {isa = PBXFileReference; name = "CDVWKProcessPoolFactory.m"; path = "cordova-plugin-ionic-webview/CDVWKProcessPoolFactory.m"; sourceTree = "<group>"; fileEncoding = 4; lastKnownFileType = sourcecode.c.objc; explicitFileType = undefined; includeInIndex = 0; };
		F6C99DB37D7B4BBC902BC60F /* GCDWebServer.m */ = {isa = PBXFileReference; name = "GCDWebServer.m"; path = "cordova-plugin-ionic-webview/GCDWebServer.m"; sourceTree = "<group>"; fileEncoding = 4; lastKnownFileType = sourcecode.c.objc; explicitFileType = undefined; includeInIndex = 0; };
		92C66489FED94381B0CE9A28 /* GCDWebServerConnection.m */ = {isa = PBXFileReference; name = "GCDWebServerConnection.m"; path = "cordova-plugin-ionic-webview/GCDWebServerConnection.m"; sourceTree = "<group>"; fileEncoding = 4; lastKnownFileType = sourcecode.c.objc; explicitFileType = undefined; includeInIndex = 0; };
		8BB1CF353091476B8B41DB12 /* GCDWebServerFunctions.m */ = {isa = PBXFileReference; name = "GCDWebServerFunctions.m"; path = "cordova-plugin-ionic-webview/GCDWebServerFunctions.m"; sourceTree = "<group>"; fileEncoding = 4; lastKnownFileType = sourcecode.c.objc; explicitFileType = undefined; includeInIndex = 0; };
		F72DA7621A9649BF9D14B648 /* GCDWebServerRequest.m */ = {isa = PBXFileReference; name = "GCDWebServerRequest.m"; path = "cordova-plugin-ionic-webview/GCDWebServerRequest.m"; sourceTree = "<group>"; fileEncoding = 4; lastKnownFileType = sourcecode.c.objc; explicitFileType = undefined; includeInIndex = 0; };
		E2E9A96E9F9142D59607EDBD /* GCDWebServerResponse.m */ = {isa = PBXFileReference; name = "GCDWebServerResponse.m"; path = "cordova-plugin-ionic-webview/GCDWebServerResponse.m"; sourceTree = "<group>"; fileEncoding = 4; lastKnownFileType = sourcecode.c.objc; explicitFileType = undefined; includeInIndex = 0; };
		BE03C1D6D1E546069FFCF9DD /* GCDWebServerDataRequest.m */ = {isa = PBXFileReference; name = "GCDWebServerDataRequest.m"; path = "cordova-plugin-ionic-webview/GCDWebServerDataRequest.m"; sourceTree = "<group>"; fileEncoding = 4; lastKnownFileType = sourcecode.c.objc; explicitFileType = undefined; includeInIndex = 0; };
		141E4A3176EF4490A5D41F83 /* GCDWebServerFileRequest.m */ = {isa = PBXFileReference; name = "GCDWebServerFileRequest.m"; path = "cordova-plugin-ionic-webview/GCDWebServerFileRequest.m"; sourceTree = "<group>"; fileEncoding = 4; lastKnownFileType = sourcecode.c.objc; explicitFileType = undefined; includeInIndex = 0; };
		631772A5A442403CBDACDDF1 /* GCDWebServerMultiPartFormRequest.m */ = {isa = PBXFileReference; name = "GCDWebServerMultiPartFormRequest.m"; path = "cordova-plugin-ionic-webview/GCDWebServerMultiPartFormRequest.m"; sourceTree = "<group>"; fileEncoding = 4; lastKnownFileType = sourcecode.c.objc; explicitFileType = undefined; includeInIndex = 0; };
		6CDA516DB9A4402A9E7A17D8 /* GCDWebServerURLEncodedFormRequest.m */ = {isa = PBXFileReference; name = "GCDWebServerURLEncodedFormRequest.m"; path = "cordova-plugin-ionic-webview/GCDWebServerURLEncodedFormRequest.m"; sourceTree = "<group>"; fileEncoding = 4; lastKnownFileType = sourcecode.c.objc; explicitFileType = undefined; includeInIndex = 0; };
		6EA1345E76C24111B75A8263 /* GCDWebServerDataResponse.m */ = {isa = PBXFileReference; name = "GCDWebServerDataResponse.m"; path = "cordova-plugin-ionic-webview/GCDWebServerDataResponse.m"; sourceTree = "<group>"; fileEncoding = 4; lastKnownFileType = sourcecode.c.objc; explicitFileType = undefined; includeInIndex = 0; };
		30695C4281154B5888E283DC /* GCDWebServerErrorResponse.m */ = {isa = PBXFileReference; name = "GCDWebServerErrorResponse.m"; path = "cordova-plugin-ionic-webview/GCDWebServerErrorResponse.m"; sourceTree = "<group>"; fileEncoding = 4; lastKnownFileType = sourcecode.c.objc; explicitFileType = undefined; includeInIndex = 0; };
		D7F8FF015C43498FBF7BAFC2 /* GCDWebServerFileResponse.m */ = {isa = PBXFileReference; name = "GCDWebServerFileResponse.m"; path = "cordova-plugin-ionic-webview/GCDWebServerFileResponse.m"; sourceTree = "<group>"; fileEncoding = 4; lastKnownFileType = sourcecode.c.objc; explicitFileType = undefined; includeInIndex = 0; };
		24508934AA204479B8AA0BAF /* GCDWebServerStreamedResponse.m */ = {isa = PBXFileReference; name = "GCDWebServerStreamedResponse.m"; path = "cordova-plugin-ionic-webview/GCDWebServerStreamedResponse.m"; sourceTree = "<group>"; fileEncoding = 4; lastKnownFileType = sourcecode.c.objc; explicitFileType = undefined; includeInIndex = 0; };
		2D29E811370745458EA1C0AC /* CDVWKWebViewEngine.h */ = {isa = PBXFileReference; name = "CDVWKWebViewEngine.h"; path = "cordova-plugin-ionic-webview/CDVWKWebViewEngine.h"; sourceTree = "<group>"; fileEncoding = 4; lastKnownFileType = sourcecode.c.h; explicitFileType = undefined; includeInIndex = 0; };
		9AB9290D13E64C4086017E53 /* CDVWKWebViewUIDelegate.h */ = {isa = PBXFileReference; name = "CDVWKWebViewUIDelegate.h"; path = "cordova-plugin-ionic-webview/CDVWKWebViewUIDelegate.h"; sourceTree = "<group>"; fileEncoding = 4; lastKnownFileType = sourcecode.c.h; explicitFileType = undefined; includeInIndex = 0; };
		D2715D157E464EA08E890D08 /* CDVWKProcessPoolFactory.h */ = {isa = PBXFileReference; name = "CDVWKProcessPoolFactory.h"; path = "cordova-plugin-ionic-webview/CDVWKProcessPoolFactory.h"; sourceTree = "<group>"; fileEncoding = 4; lastKnownFileType = sourcecode.c.h; explicitFileType = undefined; includeInIndex = 0; };
		F6D3E48BB76A476080264D8D /* GCDWebServer.h */ = {isa = PBXFileReference; name = "GCDWebServer.h"; path = "cordova-plugin-ionic-webview/GCDWebServer.h"; sourceTree = "<group>"; fileEncoding = 4; lastKnownFileType = sourcecode.c.h; explicitFileType = undefined; includeInIndex = 0; };
		4663B905952A479FA1B8991D /* GCDWebServerConnection.h */ = {isa = PBXFileReference; name = "GCDWebServerConnection.h"; path = "cordova-plugin-ionic-webview/GCDWebServerConnection.h"; sourceTree = "<group>"; fileEncoding = 4; lastKnownFileType = sourcecode.c.h; explicitFileType = undefined; includeInIndex = 0; };
		430682EE1DC1447A87EB58C1 /* GCDWebServerFunctions.h */ = {isa = PBXFileReference; name = "GCDWebServerFunctions.h"; path = "cordova-plugin-ionic-webview/GCDWebServerFunctions.h"; sourceTree = "<group>"; fileEncoding = 4; lastKnownFileType = sourcecode.c.h; explicitFileType = undefined; includeInIndex = 0; };
		014EC1DB18F14B9BAF46BE7C /* GCDWebServerHTTPStatusCodes.h */ = {isa = PBXFileReference; name = "GCDWebServerHTTPStatusCodes.h"; path = "cordova-plugin-ionic-webview/GCDWebServerHTTPStatusCodes.h"; sourceTree = "<group>"; fileEncoding = 4; lastKnownFileType = sourcecode.c.h; explicitFileType = undefined; includeInIndex = 0; };
		6A3DB46A535048B5B241BA4C /* GCDWebServerPrivate.h */ = {isa = PBXFileReference; name = "GCDWebServerPrivate.h"; path = "cordova-plugin-ionic-webview/GCDWebServerPrivate.h"; sourceTree = "<group>"; fileEncoding = 4; lastKnownFileType = sourcecode.c.h; explicitFileType = undefined; includeInIndex = 0; };
		15A428B93840430882CDA744 /* GCDWebServerRequest.h */ = {isa = PBXFileReference; name = "GCDWebServerRequest.h"; path = "cordova-plugin-ionic-webview/GCDWebServerRequest.h"; sourceTree = "<group>"; fileEncoding = 4; lastKnownFileType = sourcecode.c.h; explicitFileType = undefined; includeInIndex = 0; };
		B9D27028D25340C1899375B0 /* GCDWebServerResponse.h */ = {isa = PBXFileReference; name = "GCDWebServerResponse.h"; path = "cordova-plugin-ionic-webview/GCDWebServerResponse.h"; sourceTree = "<group>"; fileEncoding = 4; lastKnownFileType = sourcecode.c.h; explicitFileType = undefined; includeInIndex = 0; };
		316300706EE94FC1BB086C3E /* GCDWebServerDataRequest.h */ = {isa = PBXFileReference; name = "GCDWebServerDataRequest.h"; path = "cordova-plugin-ionic-webview/GCDWebServerDataRequest.h"; sourceTree = "<group>"; fileEncoding = 4; lastKnownFileType = sourcecode.c.h; explicitFileType = undefined; includeInIndex = 0; };
		5E9F4EB4966E4E5CB6B7FDC5 /* GCDWebServerFileRequest.h */ = {isa = PBXFileReference; name = "GCDWebServerFileRequest.h"; path = "cordova-plugin-ionic-webview/GCDWebServerFileRequest.h"; sourceTree = "<group>"; fileEncoding = 4; lastKnownFileType = sourcecode.c.h; explicitFileType = undefined; includeInIndex = 0; };
		46E65FCD5D5C49CF86BB2FBE /* GCDWebServerMultiPartFormRequest.h */ = {isa = PBXFileReference; name = "GCDWebServerMultiPartFormRequest.h"; path = "cordova-plugin-ionic-webview/GCDWebServerMultiPartFormRequest.h"; sourceTree = "<group>"; fileEncoding = 4; lastKnownFileType = sourcecode.c.h; explicitFileType = undefined; includeInIndex = 0; };
		5FC51A6F95604091980AA907 /* GCDWebServerURLEncodedFormRequest.h */ = {isa = PBXFileReference; name = "GCDWebServerURLEncodedFormRequest.h"; path = "cordova-plugin-ionic-webview/GCDWebServerURLEncodedFormRequest.h"; sourceTree = "<group>"; fileEncoding = 4; lastKnownFileType = sourcecode.c.h; explicitFileType = undefined; includeInIndex = 0; };
		FFE0EE775FFA4A5890E4881C /* GCDWebServerDataResponse.h */ = {isa = PBXFileReference; name = "GCDWebServerDataResponse.h"; path = "cordova-plugin-ionic-webview/GCDWebServerDataResponse.h"; sourceTree = "<group>"; fileEncoding = 4; lastKnownFileType = sourcecode.c.h; explicitFileType = undefined; includeInIndex = 0; };
		E2DBF422B71848A6807568C0 /* GCDWebServerErrorResponse.h */ = {isa = PBXFileReference; name = "GCDWebServerErrorResponse.h"; path = "cordova-plugin-ionic-webview/GCDWebServerErrorResponse.h"; sourceTree = "<group>"; fileEncoding = 4; lastKnownFileType = sourcecode.c.h; explicitFileType = undefined; includeInIndex = 0; };
		48E8E97410034B5B87857CAE /* GCDWebServerFileResponse.h */ = {isa = PBXFileReference; name = "GCDWebServerFileResponse.h"; path = "cordova-plugin-ionic-webview/GCDWebServerFileResponse.h"; sourceTree = "<group>"; fileEncoding = 4; lastKnownFileType = sourcecode.c.h; explicitFileType = undefined; includeInIndex = 0; };
		7DB5B7761DE44262B2912A77 /* GCDWebServerStreamedResponse.h */ = {isa = PBXFileReference; name = "GCDWebServerStreamedResponse.h"; path = "cordova-plugin-ionic-webview/GCDWebServerStreamedResponse.h"; sourceTree = "<group>"; fileEncoding = 4; lastKnownFileType = sourcecode.c.h; explicitFileType = undefined; includeInIndex = 0; };
		C0AE6194A4CF46E0A9C2B3C5 /* WebKit.framework */ = {isa = PBXFileReference; name = "WebKit.framework"; path = "System/Library/Frameworks/WebKit.framework"; sourceTree = SDKROOT; fileEncoding = undefined; lastKnownFileType = wrapper.framework; explicitFileType = undefined; includeInIndex = 0; };
		29A06FF3AC55452DAA53AE06 /* libz.tbd */ = {isa = PBXFileReference; name = "libz.tbd"; path = "usr/lib/libz.tbd"; sourceTree = SDKROOT; fileEncoding = undefined; lastKnownFileType = sourcecode.text-based-dylib-definition; explicitFileType = undefined; includeInIndex = 0; };
		B8A227E4612B4DC4A8487452 /* CDVSplashScreen.m */ = {isa = PBXFileReference; name = "CDVSplashScreen.m"; path = "cordova-plugin-splashscreen/CDVSplashScreen.m"; sourceTree = "<group>"; fileEncoding = 4; lastKnownFileType = sourcecode.c.objc; explicitFileType = undefined; includeInIndex = 0; };
		9C24385EB9454A27AA28DAFE /* CDVViewController+SplashScreen.m */ = {isa = PBXFileReference; name = "CDVViewController+SplashScreen.m"; path = "cordova-plugin-splashscreen/CDVViewController+SplashScreen.m"; sourceTree = "<group>"; fileEncoding = 4; lastKnownFileType = sourcecode.c.objc; explicitFileType = undefined; includeInIndex = 0; };
		3BC84857AB8B4DAABBB96E0E /* CDVSplashScreen.h */ = {isa = PBXFileReference; name = "CDVSplashScreen.h"; path = "cordova-plugin-splashscreen/CDVSplashScreen.h"; sourceTree = "<group>"; fileEncoding = 4; lastKnownFileType = sourcecode.c.h; explicitFileType = undefined; includeInIndex = 0; };
		48AF1242DC2E425A9778B73F /* CDVViewController+SplashScreen.h */ = {isa = PBXFileReference; name = "CDVViewController+SplashScreen.h"; path = "cordova-plugin-splashscreen/CDVViewController+SplashScreen.h"; sourceTree = "<group>"; fileEncoding = 4; lastKnownFileType = sourcecode.c.h; explicitFileType = undefined; includeInIndex = 0; };
		0DB5265BAAEF4E6B86BBDD0B /* Toast+UIView.m */ = {isa = PBXFileReference; name = "Toast+UIView.m"; path = "cordova-plugin-x-toast/Toast+UIView.m"; sourceTree = "<group>"; fileEncoding = 4; lastKnownFileType = sourcecode.c.objc; explicitFileType = undefined; includeInIndex = 0; };
		0668008BF75F48E5ADE68686 /* Toast.m */ = {isa = PBXFileReference; name = "Toast.m"; path = "cordova-plugin-x-toast/Toast.m"; sourceTree = "<group>"; fileEncoding = 4; lastKnownFileType = sourcecode.c.objc; explicitFileType = undefined; includeInIndex = 0; };
		2B2B964B9C914C7B85E5B136 /* Toast+UIView.h */ = {isa = PBXFileReference; name = "Toast+UIView.h"; path = "cordova-plugin-x-toast/Toast+UIView.h"; sourceTree = "<group>"; fileEncoding = 4; lastKnownFileType = sourcecode.c.h; explicitFileType = undefined; includeInIndex = 0; };
		D15DEE67BFDD45F88D31B6A0 /* Toast.h */ = {isa = PBXFileReference; name = "Toast.h"; path = "cordova-plugin-x-toast/Toast.h"; sourceTree = "<group>"; fileEncoding = 4; lastKnownFileType = sourcecode.c.h; explicitFileType = undefined; includeInIndex = 0; };
		31473F62912E42C5A88E3FA3 /* QuartzCore.framework */ = {isa = PBXFileReference; name = "QuartzCore.framework"; path = "System/Library/Frameworks/QuartzCore.framework"; sourceTree = SDKROOT; fileEncoding = undefined; lastKnownFileType = wrapper.framework; explicitFileType = undefined; includeInIndex = 0; };
		A3EBBFAD5FBF4276B3A8276E /* IonicKeyboard.m */ = {isa = PBXFileReference; name = "IonicKeyboard.m"; path = "ionic-plugin-keyboard/IonicKeyboard.m"; sourceTree = "<group>"; fileEncoding = 4; lastKnownFileType = sourcecode.c.objc; explicitFileType = undefined; includeInIndex = 0; };
		390A0561A6FE4ED598335D95 /* IonicKeyboard.h */ = {isa = PBXFileReference; name = "IonicKeyboard.h"; path = "ionic-plugin-keyboard/IonicKeyboard.h"; sourceTree = "<group>"; fileEncoding = 4; lastKnownFileType = sourcecode.c.h; explicitFileType = undefined; includeInIndex = 0; };
		742226E1E8944125847A499D /* UIImage+CropScaleOrientation.m */ = {isa = PBXFileReference; name = "UIImage+CropScaleOrientation.m"; path = "cordova-plugin-camera/UIImage+CropScaleOrientation.m"; sourceTree = "<group>"; fileEncoding = 4; lastKnownFileType = sourcecode.c.objc; explicitFileType = undefined; includeInIndex = 0; };
		3EC97F5A10164AA3AD071773 /* CDVCamera.m */ = {isa = PBXFileReference; name = "CDVCamera.m"; path = "cordova-plugin-camera/CDVCamera.m"; sourceTree = "<group>"; fileEncoding = 4; lastKnownFileType = sourcecode.c.objc; explicitFileType = undefined; includeInIndex = 0; };
		D125E6D338474F99A84DB9DB /* CDVJpegHeaderWriter.m */ = {isa = PBXFileReference; name = "CDVJpegHeaderWriter.m"; path = "cordova-plugin-camera/CDVJpegHeaderWriter.m"; sourceTree = "<group>"; fileEncoding = 4; lastKnownFileType = sourcecode.c.objc; explicitFileType = undefined; includeInIndex = 0; };
		3825C1D7B5594A79AB42D55E /* UIImage+CropScaleOrientation.h */ = {isa = PBXFileReference; name = "UIImage+CropScaleOrientation.h"; path = "cordova-plugin-camera/UIImage+CropScaleOrientation.h"; sourceTree = "<group>"; fileEncoding = 4; lastKnownFileType = sourcecode.c.h; explicitFileType = undefined; includeInIndex = 0; };
		BF26233648B644A2B049226A /* CDVCamera.h */ = {isa = PBXFileReference; name = "CDVCamera.h"; path = "cordova-plugin-camera/CDVCamera.h"; sourceTree = "<group>"; fileEncoding = 4; lastKnownFileType = sourcecode.c.h; explicitFileType = undefined; includeInIndex = 0; };
		C15B50D2BEB54CDA90E09C5F /* CDVJpegHeaderWriter.h */ = {isa = PBXFileReference; name = "CDVJpegHeaderWriter.h"; path = "cordova-plugin-camera/CDVJpegHeaderWriter.h"; sourceTree = "<group>"; fileEncoding = 4; lastKnownFileType = sourcecode.c.h; explicitFileType = undefined; includeInIndex = 0; };
		508792B474F142CCA7DB175A /* CDVExif.h */ = {isa = PBXFileReference; name = "CDVExif.h"; path = "cordova-plugin-camera/CDVExif.h"; sourceTree = "<group>"; fileEncoding = 4; lastKnownFileType = sourcecode.c.h; explicitFileType = undefined; includeInIndex = 0; };
		D2CD560AD03640CCAD1F2E18 /* ImageIO.framework */ = {isa = PBXFileReference; name = "ImageIO.framework"; path = "System/Library/Frameworks/ImageIO.framework"; sourceTree = SDKROOT; fileEncoding = undefined; lastKnownFileType = wrapper.framework; explicitFileType = undefined; includeInIndex = 0; };
		4E3F44ED032049DCA7E6F108 /* CoreLocation.framework */ = {isa = PBXFileReference; name = "CoreLocation.framework"; path = "System/Library/Frameworks/CoreLocation.framework"; sourceTree = SDKROOT; fileEncoding = undefined; lastKnownFileType = wrapper.framework; explicitFileType = undefined; includeInIndex = 0; };
		EF5A5B5863884968AC95ECCB /* AVFoundation.framework */ = {isa = PBXFileReference; name = "AVFoundation.framework"; path = "System/Library/Frameworks/AVFoundation.framework"; sourceTree = SDKROOT; fileEncoding = undefined; lastKnownFileType = wrapper.framework; explicitFileType = undefined; includeInIndex = 0; };
		2EDA4FB332D74555AB406DB1 /* SOSPicker.m */ = {isa = PBXFileReference; name = "SOSPicker.m"; path = "com.synconset.imagepicker/SOSPicker.m"; sourceTree = "<group>"; fileEncoding = 4; lastKnownFileType = sourcecode.c.objc; explicitFileType = undefined; includeInIndex = 0; };
		6C1F3493CA2B4E5986B83A0A /* UIImage+fixOrientation.m */ = {isa = PBXFileReference; name = "UIImage+fixOrientation.m"; path = "com.synconset.imagepicker/UIImage+fixOrientation.m"; sourceTree = "<group>"; fileEncoding = 4; lastKnownFileType = sourcecode.c.objc; explicitFileType = undefined; includeInIndex = 0; };
		FC9BEBA7471A484AA27BF14C /* GMAlbumsViewCell.m */ = {isa = PBXFileReference; name = "GMAlbumsViewCell.m"; path = "com.synconset.imagepicker/GMAlbumsViewCell.m"; sourceTree = "<group>"; fileEncoding = 4; lastKnownFileType = sourcecode.c.objc; explicitFileType = undefined; includeInIndex = 0; };
		0CF2CBA287D940549CB1CA4A /* GMAlbumsViewController.m */ = {isa = PBXFileReference; name = "GMAlbumsViewController.m"; path = "com.synconset.imagepicker/GMAlbumsViewController.m"; sourceTree = "<group>"; fileEncoding = 4; lastKnownFileType = sourcecode.c.objc; explicitFileType = undefined; includeInIndex = 0; };
		4BA634CC2A3D43D090DEA12C /* GMFetchItem.m */ = {isa = PBXFileReference; name = "GMFetchItem.m"; path = "com.synconset.imagepicker/GMFetchItem.m"; sourceTree = "<group>"; fileEncoding = 4; lastKnownFileType = sourcecode.c.objc; explicitFileType = undefined; includeInIndex = 0; };
		6896D33FB6B24CBF8DE5BC01 /* GMGridViewCell.m */ = {isa = PBXFileReference; name = "GMGridViewCell.m"; path = "com.synconset.imagepicker/GMGridViewCell.m"; sourceTree = "<group>"; fileEncoding = 4; lastKnownFileType = sourcecode.c.objc; explicitFileType = undefined; includeInIndex = 0; };
		4A3632A47B4B40969941F316 /* GMGridViewController.m */ = {isa = PBXFileReference; name = "GMGridViewController.m"; path = "com.synconset.imagepicker/GMGridViewController.m"; sourceTree = "<group>"; fileEncoding = 4; lastKnownFileType = sourcecode.c.objc; explicitFileType = undefined; includeInIndex = 0; };
		1508B7F22E114F2BB74DF0B7 /* GMImagePickerController.m */ = {isa = PBXFileReference; name = "GMImagePickerController.m"; path = "com.synconset.imagepicker/GMImagePickerController.m"; sourceTree = "<group>"; fileEncoding = 4; lastKnownFileType = sourcecode.c.objc; explicitFileType = undefined; includeInIndex = 0; };
		7E55A1CA79F847D8BEED6B09 /* PSYBlockTimer.m */ = {isa = PBXFileReference; name = "PSYBlockTimer.m"; path = "com.synconset.imagepicker/PSYBlockTimer.m"; sourceTree = "<group>"; fileEncoding = 4; lastKnownFileType = sourcecode.c.objc; explicitFileType = undefined; includeInIndex = 0; };
		4A168B20A7BE468893355D9C /* GMPHAsset.m */ = {isa = PBXFileReference; name = "GMPHAsset.m"; path = "com.synconset.imagepicker/GMPHAsset.m"; sourceTree = "<group>"; fileEncoding = 4; lastKnownFileType = sourcecode.c.objc; explicitFileType = undefined; includeInIndex = 0; };
		0321B9AB0B404D3B8476980B /* SOSPicker.h */ = {isa = PBXFileReference; name = "SOSPicker.h"; path = "com.synconset.imagepicker/SOSPicker.h"; sourceTree = "<group>"; fileEncoding = 4; lastKnownFileType = sourcecode.c.h; explicitFileType = undefined; includeInIndex = 0; };
		50AB97F29267421395CD442D /* UIImage+fixOrientation.h */ = {isa = PBXFileReference; name = "UIImage+fixOrientation.h"; path = "com.synconset.imagepicker/UIImage+fixOrientation.h"; sourceTree = "<group>"; fileEncoding = 4; lastKnownFileType = sourcecode.c.h; explicitFileType = undefined; includeInIndex = 0; };
		D45D35BA340A46DEAFB6AC90 /* GMAlbumsViewCell.h */ = {isa = PBXFileReference; name = "GMAlbumsViewCell.h"; path = "com.synconset.imagepicker/GMAlbumsViewCell.h"; sourceTree = "<group>"; fileEncoding = 4; lastKnownFileType = sourcecode.c.h; explicitFileType = undefined; includeInIndex = 0; };
		A840A0F4DD5A4E3C99A567F7 /* GMAlbumsViewController.h */ = {isa = PBXFileReference; name = "GMAlbumsViewController.h"; path = "com.synconset.imagepicker/GMAlbumsViewController.h"; sourceTree = "<group>"; fileEncoding = 4; lastKnownFileType = sourcecode.c.h; explicitFileType = undefined; includeInIndex = 0; };
		1058FD407A914AA3BADACA55 /* GMFetchItem.h */ = {isa = PBXFileReference; name = "GMFetchItem.h"; path = "com.synconset.imagepicker/GMFetchItem.h"; sourceTree = "<group>"; fileEncoding = 4; lastKnownFileType = sourcecode.c.h; explicitFileType = undefined; includeInIndex = 0; };
		D81C0B79D8074E6CA303D479 /* GMGridViewCell.h */ = {isa = PBXFileReference; name = "GMGridViewCell.h"; path = "com.synconset.imagepicker/GMGridViewCell.h"; sourceTree = "<group>"; fileEncoding = 4; lastKnownFileType = sourcecode.c.h; explicitFileType = undefined; includeInIndex = 0; };
		B849BF2C698644349A138EEB /* GMGridViewController.h */ = {isa = PBXFileReference; name = "GMGridViewController.h"; path = "com.synconset.imagepicker/GMGridViewController.h"; sourceTree = "<group>"; fileEncoding = 4; lastKnownFileType = sourcecode.c.h; explicitFileType = undefined; includeInIndex = 0; };
		B334D0AEC72949A59287C1C0 /* GMImagePickerController.h */ = {isa = PBXFileReference; name = "GMImagePickerController.h"; path = "com.synconset.imagepicker/GMImagePickerController.h"; sourceTree = "<group>"; fileEncoding = 4; lastKnownFileType = sourcecode.c.h; explicitFileType = undefined; includeInIndex = 0; };
		A9D19E38ED43488FA28C0D84 /* PSYBlockTimer.h */ = {isa = PBXFileReference; name = "PSYBlockTimer.h"; path = "com.synconset.imagepicker/PSYBlockTimer.h"; sourceTree = "<group>"; fileEncoding = 4; lastKnownFileType = sourcecode.c.h; explicitFileType = undefined; includeInIndex = 0; };
		AA7B72A993294E8585B996FB /* GMPHAsset.h */ = {isa = PBXFileReference; name = "GMPHAsset.h"; path = "com.synconset.imagepicker/GMPHAsset.h"; sourceTree = "<group>"; fileEncoding = 4; lastKnownFileType = sourcecode.c.h; explicitFileType = undefined; includeInIndex = 0; };
		C494C134DE5D412A97844A8B /* GMEmptyFolder@1x.png */ = {isa = PBXFileReference; name = "GMEmptyFolder@1x.png"; path = "GMEmptyFolder@1x.png"; sourceTree = "<group>"; fileEncoding = undefined; lastKnownFileType = unknown; explicitFileType = undefined; includeInIndex = 0; };
		6889622202104146B4BA18F8 /* GMEmptyFolder@2x.png */ = {isa = PBXFileReference; name = "GMEmptyFolder@2x.png"; path = "GMEmptyFolder@2x.png"; sourceTree = "<group>"; fileEncoding = undefined; lastKnownFileType = unknown; explicitFileType = undefined; includeInIndex = 0; };
		CA8F4302FF6447F1AF2DB362 /* GMSelected.png */ = {isa = PBXFileReference; name = "GMSelected.png"; path = "GMSelected.png"; sourceTree = "<group>"; fileEncoding = undefined; lastKnownFileType = unknown; explicitFileType = undefined; includeInIndex = 0; };
		2AB70FE6EE1D40AA8C2F3626 /* GMSelected@2x.png */ = {isa = PBXFileReference; name = "GMSelected@2x.png"; path = "GMSelected@2x.png"; sourceTree = "<group>"; fileEncoding = undefined; lastKnownFileType = unknown; explicitFileType = undefined; includeInIndex = 0; };
		6989F4CD56714886BF9AC279 /* GMVideoIcon.png */ = {isa = PBXFileReference; name = "GMVideoIcon.png"; path = "GMVideoIcon.png"; sourceTree = "<group>"; fileEncoding = undefined; lastKnownFileType = unknown; explicitFileType = undefined; includeInIndex = 0; };
		19145BBFDFB04DFDB8C3441E /* GMVideoIcon@2x.png */ = {isa = PBXFileReference; name = "GMVideoIcon@2x.png"; path = "GMVideoIcon@2x.png"; sourceTree = "<group>"; fileEncoding = undefined; lastKnownFileType = unknown; explicitFileType = undefined; includeInIndex = 0; };
		C0639BF2A3954D66AD8173FC /* ca.lproj */ = {isa = PBXFileReference; name = "ca.lproj"; path = "ca.lproj"; sourceTree = "<group>"; fileEncoding = undefined; lastKnownFileType = unknown; explicitFileType = undefined; includeInIndex = 0; };
		EC372944D89E419AAACD3F1F /* de.lproj */ = {isa = PBXFileReference; name = "de.lproj"; path = "de.lproj"; sourceTree = "<group>"; fileEncoding = undefined; lastKnownFileType = unknown; explicitFileType = undefined; includeInIndex = 0; };
		91E6C5F1D15943A6B16CB35C /* en.lproj */ = {isa = PBXFileReference; name = "en.lproj"; path = "en.lproj"; sourceTree = "<group>"; fileEncoding = undefined; lastKnownFileType = unknown; explicitFileType = undefined; includeInIndex = 0; };
		7874E20C59804E5BA84B7F5E /* es.lproj */ = {isa = PBXFileReference; name = "es.lproj"; path = "es.lproj"; sourceTree = "<group>"; fileEncoding = undefined; lastKnownFileType = unknown; explicitFileType = undefined; includeInIndex = 0; };
		B80A4321E6914380A517B949 /* fr.lproj */ = {isa = PBXFileReference; name = "fr.lproj"; path = "fr.lproj"; sourceTree = "<group>"; fileEncoding = undefined; lastKnownFileType = unknown; explicitFileType = undefined; includeInIndex = 0; };
		1DAFF6989CA24053AEC65214 /* it.lproj */ = {isa = PBXFileReference; name = "it.lproj"; path = "it.lproj"; sourceTree = "<group>"; fileEncoding = undefined; lastKnownFileType = unknown; explicitFileType = undefined; includeInIndex = 0; };
		6E3AFDA522AC4DB9BA9B239F /* pt.lproj */ = {isa = PBXFileReference; name = "pt.lproj"; path = "pt.lproj"; sourceTree = "<group>"; fileEncoding = undefined; lastKnownFileType = unknown; explicitFileType = undefined; includeInIndex = 0; };
		4096F4AF00B6418D853BFE57 /* Accelerate.framework */ = {isa = PBXFileReference; name = "Accelerate.framework"; path = "System/Library/Frameworks/Accelerate.framework"; sourceTree = SDKROOT; fileEncoding = undefined; lastKnownFileType = wrapper.framework; explicitFileType = undefined; includeInIndex = 0; };
		0A8C3B77FF1E438A9521BF06 /* Security.framework */ = {isa = PBXFileReference; name = "Security.framework"; path = "System/Library/Frameworks/Security.framework"; sourceTree = SDKROOT; fileEncoding = undefined; lastKnownFileType = wrapper.framework; explicitFileType = undefined; includeInIndex = 0; };
		712F6E4D7FBE4121A7931C84 /* Photos.framework */ = {isa = PBXFileReference; name = "Photos.framework"; path = "System/Library/Frameworks/Photos.framework"; sourceTree = SDKROOT; fileEncoding = undefined; lastKnownFileType = wrapper.framework; explicitFileType = undefined; includeInIndex = 0; };
		BEBE08C350F84EE7A9141BD5 /* SystemConfiguration.framework */ = {isa = PBXFileReference; name = "SystemConfiguration.framework"; path = "System/Library/Frameworks/SystemConfiguration.framework"; sourceTree = SDKROOT; fileEncoding = undefined; lastKnownFileType = wrapper.framework; explicitFileType = undefined; includeInIndex = 0; };
		D060D18C6E3346AE9C8F400F /* AppDelegate+APPAppEvent.m */ = {isa = PBXFileReference; name = "AppDelegate+APPAppEvent.m"; path = "cordova-plugin-app-event/AppDelegate+APPAppEvent.m"; sourceTree = "<group>"; fileEncoding = 4; lastKnownFileType = sourcecode.c.objc; explicitFileType = undefined; includeInIndex = 0; };
		43E76AA5484B4E1AA50AD7D1 /* CDVPlugin+APPAppEvent.m */ = {isa = PBXFileReference; name = "CDVPlugin+APPAppEvent.m"; path = "cordova-plugin-app-event/CDVPlugin+APPAppEvent.m"; sourceTree = "<group>"; fileEncoding = 4; lastKnownFileType = sourcecode.c.objc; explicitFileType = undefined; includeInIndex = 0; };
		02A05AFC7D1D431EA06D6CF5 /* AppDelegate+APPAppEvent.h */ = {isa = PBXFileReference; name = "AppDelegate+APPAppEvent.h"; path = "cordova-plugin-app-event/AppDelegate+APPAppEvent.h"; sourceTree = "<group>"; fileEncoding = 4; lastKnownFileType = sourcecode.c.h; explicitFileType = undefined; includeInIndex = 0; };
		50157A8BC01844A9A78FEFE2 /* CDVPlugin+APPAppEvent.h */ = {isa = PBXFileReference; name = "CDVPlugin+APPAppEvent.h"; path = "cordova-plugin-app-event/CDVPlugin+APPAppEvent.h"; sourceTree = "<group>"; fileEncoding = 4; lastKnownFileType = sourcecode.c.h; explicitFileType = undefined; includeInIndex = 0; };
		562DAD1F9B8449F9BCD3EBD6 /* APPAppEventDelegate.h */ = {isa = PBXFileReference; name = "APPAppEventDelegate.h"; path = "cordova-plugin-app-event/APPAppEventDelegate.h"; sourceTree = "<group>"; fileEncoding = 4; lastKnownFileType = sourcecode.c.h; explicitFileType = undefined; includeInIndex = 0; };
		177A4ACC0A6E401D9534E871 /* APPLocalNotification.m */ = {isa = PBXFileReference; name = "APPLocalNotification.m"; path = "de.appplant.cordova.plugin.local-notification/APPLocalNotification.m"; sourceTree = "<group>"; fileEncoding = 4; lastKnownFileType = sourcecode.c.objc; explicitFileType = undefined; includeInIndex = 0; };
		72F7D56A7D9743A7BB613423 /* APPLocalNotificationOptions.m */ = {isa = PBXFileReference; name = "APPLocalNotificationOptions.m"; path = "de.appplant.cordova.plugin.local-notification/APPLocalNotificationOptions.m"; sourceTree = "<group>"; fileEncoding = 4; lastKnownFileType = sourcecode.c.objc; explicitFileType = undefined; includeInIndex = 0; };
		78169371B47146AB9BC86E3A /* UNUserNotificationCenter+APPLocalNotification.m */ = {isa = PBXFileReference; name = "UNUserNotificationCenter+APPLocalNotification.m"; path = "de.appplant.cordova.plugin.local-notification/UNUserNotificationCenter+APPLocalNotification.m"; sourceTree = "<group>"; fileEncoding = 4; lastKnownFileType = sourcecode.c.objc; explicitFileType = undefined; includeInIndex = 0; };
		EAB8997489D440169EC84D83 /* UNMutableNotificationContent+APPLocalNotification.m */ = {isa = PBXFileReference; name = "UNMutableNotificationContent+APPLocalNotification.m"; path = "de.appplant.cordova.plugin.local-notification/UNMutableNotificationContent+APPLocalNotification.m"; sourceTree = "<group>"; fileEncoding = 4; lastKnownFileType = sourcecode.c.objc; explicitFileType = undefined; includeInIndex = 0; };
		94119AC51D114C81A0685B94 /* UNNotificationRequest+APPLocalNotification.m */ = {isa = PBXFileReference; name = "UNNotificationRequest+APPLocalNotification.m"; path = "de.appplant.cordova.plugin.local-notification/UNNotificationRequest+APPLocalNotification.m"; sourceTree = "<group>"; fileEncoding = 4; lastKnownFileType = sourcecode.c.objc; explicitFileType = undefined; includeInIndex = 0; };
		9578525349AB47B9A4E6BAF3 /* APPLocalNotificationOptions.ios9.m */ = {isa = PBXFileReference; name = "APPLocalNotificationOptions.ios9.m"; path = "de.appplant.cordova.plugin.local-notification/APPLocalNotificationOptions.ios9.m"; sourceTree = "<group>"; fileEncoding = 4; lastKnownFileType = sourcecode.c.objc; explicitFileType = undefined; includeInIndex = 0; };
		216C8D5FE51C4D7CBBB21AE8 /* UIApplication+APPLocalNotification.ios9.m */ = {isa = PBXFileReference; name = "UIApplication+APPLocalNotification.ios9.m"; path = "de.appplant.cordova.plugin.local-notification/UIApplication+APPLocalNotification.ios9.m"; sourceTree = "<group>"; fileEncoding = 4; lastKnownFileType = sourcecode.c.objc; explicitFileType = undefined; includeInIndex = 0; };
		9AB352B8296749B882544044 /* UILocalNotification+APPLocalNotification.ios9.m */ = {isa = PBXFileReference; name = "UILocalNotification+APPLocalNotification.ios9.m"; path = "de.appplant.cordova.plugin.local-notification/UILocalNotification+APPLocalNotification.ios9.m"; sourceTree = "<group>"; fileEncoding = 4; lastKnownFileType = sourcecode.c.objc; explicitFileType = undefined; includeInIndex = 0; };
		B6EE4E5A70964C51AAD98830 /* APPLocalNotification.h */ = {isa = PBXFileReference; name = "APPLocalNotification.h"; path = "de.appplant.cordova.plugin.local-notification/APPLocalNotification.h"; sourceTree = "<group>"; fileEncoding = 4; lastKnownFileType = sourcecode.c.h; explicitFileType = undefined; includeInIndex = 0; };
		E39BFB23227E4660A5B7AB72 /* APPLocalNotificationOptions.h */ = {isa = PBXFileReference; name = "APPLocalNotificationOptions.h"; path = "de.appplant.cordova.plugin.local-notification/APPLocalNotificationOptions.h"; sourceTree = "<group>"; fileEncoding = 4; lastKnownFileType = sourcecode.c.h; explicitFileType = undefined; includeInIndex = 0; };
		BE5F150A23404CEEA025E841 /* UNUserNotificationCenter+APPLocalNotification.h */ = {isa = PBXFileReference; name = "UNUserNotificationCenter+APPLocalNotification.h"; path = "de.appplant.cordova.plugin.local-notification/UNUserNotificationCenter+APPLocalNotification.h"; sourceTree = "<group>"; fileEncoding = 4; lastKnownFileType = sourcecode.c.h; explicitFileType = undefined; includeInIndex = 0; };
		43BB1E2F0EEB4B19AC29E135 /* UNMutableNotificationContent+APPLocalNotification.h */ = {isa = PBXFileReference; name = "UNMutableNotificationContent+APPLocalNotification.h"; path = "de.appplant.cordova.plugin.local-notification/UNMutableNotificationContent+APPLocalNotification.h"; sourceTree = "<group>"; fileEncoding = 4; lastKnownFileType = sourcecode.c.h; explicitFileType = undefined; includeInIndex = 0; };
		D4F65C72E11C441C81A387DE /* UNNotificationRequest+APPLocalNotification.h */ = {isa = PBXFileReference; name = "UNNotificationRequest+APPLocalNotification.h"; path = "de.appplant.cordova.plugin.local-notification/UNNotificationRequest+APPLocalNotification.h"; sourceTree = "<group>"; fileEncoding = 4; lastKnownFileType = sourcecode.c.h; explicitFileType = undefined; includeInIndex = 0; };
		0F1B6914D56E4059BF6D7174 /* APPLocalNotificationOptions.ios9.h */ = {isa = PBXFileReference; name = "APPLocalNotificationOptions.ios9.h"; path = "de.appplant.cordova.plugin.local-notification/APPLocalNotificationOptions.ios9.h"; sourceTree = "<group>"; fileEncoding = 4; lastKnownFileType = sourcecode.c.h; explicitFileType = undefined; includeInIndex = 0; };
		1E30863D6B894095B496D0E7 /* UIApplication+APPLocalNotification.ios9.h */ = {isa = PBXFileReference; name = "UIApplication+APPLocalNotification.ios9.h"; path = "de.appplant.cordova.plugin.local-notification/UIApplication+APPLocalNotification.ios9.h"; sourceTree = "<group>"; fileEncoding = 4; lastKnownFileType = sourcecode.c.h; explicitFileType = undefined; includeInIndex = 0; };
		E6C367C6FE464FAF855D0700 /* UILocalNotification+APPLocalNotification.ios9.h */ = {isa = PBXFileReference; name = "UILocalNotification+APPLocalNotification.ios9.h"; path = "de.appplant.cordova.plugin.local-notification/UILocalNotification+APPLocalNotification.ios9.h"; sourceTree = "<group>"; fileEncoding = 4; lastKnownFileType = sourcecode.c.h; explicitFileType = undefined; includeInIndex = 0; };
		6FA13143B82245ACAC6F7ADA /* UserNotifications.framework */ = {isa = PBXFileReference; name = "UserNotifications.framework"; path = "System/Library/Frameworks/UserNotifications.framework"; sourceTree = SDKROOT; fileEncoding = undefined; lastKnownFileType = wrapper.framework; explicitFileType = undefined; includeInIndex = 0; };
/* End PBXFileReference section */

/* Begin PBXFrameworksBuildPhase section */
		1D60588F0D05DD3D006BFB54 /* Frameworks */ = {
			isa = PBXFrameworksBuildPhase;
			buildActionMask = 2147483647;
			files = (
				301BF552109A68D80062928A /* libCordova.a in Frameworks */,
				86923C2BEECF48B09B3D0F82 /* WebKit.framework in Frameworks */,
				434159D1BD8D4EA4A181CB17 /* libz.tbd in Frameworks */,
				0EC19E06FA9F4290921D4982 /* QuartzCore.framework in Frameworks */,
				EFF30D6BD877450D8E8B2F01 /* ImageIO.framework in Frameworks */,
				F418A125C3024D06AB608589 /* CoreLocation.framework in Frameworks */,
				DAF97ADFC56E4C91BE1E3480 /* AVFoundation.framework in Frameworks */,
				9CE1D9B9FCBE44FC88DB122B /* Accelerate.framework in Frameworks */,
				40F473D412E946A08E429C07 /* Security.framework in Frameworks */,
				DE384972CA6A450CA9BED820 /* Photos.framework in Frameworks */,
				A7D591EBBC034CE5965F6C6A /* SystemConfiguration.framework in Frameworks */,
				330F937ADB3E46FCB5507180 /* UserNotifications.framework in Frameworks */,
			);
			runOnlyForDeploymentPostprocessing = 0;
		};
/* End PBXFrameworksBuildPhase section */

/* Begin PBXGroup section */
		080E96DDFE201D6D7F000001 /* Classes */ = {
			isa = PBXGroup;
			children = (
				302D95EE14D2391D003F00A1 /* MainViewController.h */,
				302D95EF14D2391D003F00A1 /* MainViewController.m */,
				302D95F014D2391D003F00A1 /* MainViewController.xib */,
				1D3623240D0F684500981E51 /* AppDelegate.h */,
				1D3623250D0F684500981E51 /* AppDelegate.m */,
			);
			name = Classes;
			path = "conFusion/Classes";
			sourceTree = SOURCE_ROOT;
		};
		19C28FACFE9D520D11CA2CBB /* Products */ = {
			isa = PBXGroup;
			children = (
				1D6058910D05DD3D006BFB54 /* conFusion.app */,
			);
			name = Products;
			sourceTree = "<group>";
		};
		29B97314FDCFA39411CA2CEA /* CustomTemplate */ = {
			isa = PBXGroup;
			children = (
				EB87FDF41871DAF40020F90C /* config.xml */,
				EB87FDF31871DA8E0020F90C /* www */,
				EB87FDF11871DA420020F90C /* Staging */,
				301BF52D109A57CC0062928A /* CordovaLib.xcodeproj */,
				080E96DDFE201D6D7F000001 /* Classes */,
				307C750510C5A3420062BCA9 /* Plugins */,
				29B97315FDCFA39411CA2CEA /* Other Sources */,
				29B97317FDCFA39411CA2CEA /* Resources */,
				29B97323FDCFA39411CA2CEA /* Frameworks */,
				19C28FACFE9D520D11CA2CBB /* Products */,
			);
			name = CustomTemplate;
			sourceTree = "<group>";
		};
		29B97315FDCFA39411CA2CEA /* Other Sources */ = {
			isa = PBXGroup;
			children = (
				32CA4F630368D1EE00C91783 /* conFusion-Prefix.pch */,
				29B97316FDCFA39411CA2CEA /* main.m */,
				ED33DF2A687741AEAF9F8254 /* Bridging-Header.h */,
			);
			name = "Other Sources";
			path = "conFusion";
			sourceTree = "<group>";
		};
		29B97317FDCFA39411CA2CEA /* Resources */ = {
			isa = PBXGroup;
			children = (
				0207DA571B56EA530066E2B4 /* Images.xcassets */,
				3047A50E1AB8057F00498E2A /* config */,
				8D1107310486CEB800E47090 /* conFusion-Info.plist */,
				6AFF5BF81D6E424B00AB3073 /* CDVLaunchScreen.storyboard */,
				C494C134DE5D412A97844A8B /* GMEmptyFolder@1x.png */,
				6889622202104146B4BA18F8 /* GMEmptyFolder@2x.png */,
				CA8F4302FF6447F1AF2DB362 /* GMSelected.png */,
				2AB70FE6EE1D40AA8C2F3626 /* GMSelected@2x.png */,
				6989F4CD56714886BF9AC279 /* GMVideoIcon.png */,
				19145BBFDFB04DFDB8C3441E /* GMVideoIcon@2x.png */,
				C0639BF2A3954D66AD8173FC /* ca.lproj */,
				EC372944D89E419AAACD3F1F /* de.lproj */,
				91E6C5F1D15943A6B16CB35C /* en.lproj */,
				7874E20C59804E5BA84B7F5E /* es.lproj */,
				B80A4321E6914380A517B949 /* fr.lproj */,
				1DAFF6989CA24053AEC65214 /* it.lproj */,
				6E3AFDA522AC4DB9BA9B239F /* pt.lproj */,
			);
			name = Resources;
			path = "conFusion/Resources";
			sourceTree = "<group>";
		};
		29B97323FDCFA39411CA2CEA /* Frameworks */ = {
			isa = PBXGroup;
			children = (
				C0AE6194A4CF46E0A9C2B3C5 /* WebKit.framework */,
				29A06FF3AC55452DAA53AE06 /* libz.tbd */,
				31473F62912E42C5A88E3FA3 /* QuartzCore.framework */,
				D2CD560AD03640CCAD1F2E18 /* ImageIO.framework */,
				4E3F44ED032049DCA7E6F108 /* CoreLocation.framework */,
				EF5A5B5863884968AC95ECCB /* AVFoundation.framework */,
				4096F4AF00B6418D853BFE57 /* Accelerate.framework */,
				0A8C3B77FF1E438A9521BF06 /* Security.framework */,
				712F6E4D7FBE4121A7931C84 /* Photos.framework */,
				BEBE08C350F84EE7A9141BD5 /* SystemConfiguration.framework */,
				6FA13143B82245ACAC6F7ADA /* UserNotifications.framework */,
			);
			name = Frameworks;
			sourceTree = "<group>";
		};
		301BF52E109A57CC0062928A /* Products */ = {
			isa = PBXGroup;
			children = (
				301BF535109A57CC0062928A /* libCordova.a */,
			);
			name = Products;
			sourceTree = "<group>";
		};
		3047A50E1AB8057F00498E2A /* config */ = {
			isa = PBXGroup;
			children = (
				3047A50F1AB8059700498E2A /* build-debug.xcconfig */,
				3047A5101AB8059700498E2A /* build-release.xcconfig */,
				3047A5111AB8059700498E2A /* build.xcconfig */,
			);
			name = config;
			sourceTree = "<group>";
		};
		307C750510C5A3420062BCA9 /* Plugins */ = {
			isa = PBXGroup;
			children = (
				3FBB363E9FF1419E859D0867 /* CDVDevice.m */,
				17683BB7AA6A4A619E93286B /* CDVDevice.h */,
				DF8CD32F7BA740A8B8785BCF /* CDVWKWebViewEngine.m */,
				D7D022449A974D35B0C27C28 /* CDVWKWebViewUIDelegate.m */,
				065511F35C3045378CEDF177 /* CDVWKProcessPoolFactory.m */,
				F6C99DB37D7B4BBC902BC60F /* GCDWebServer.m */,
				92C66489FED94381B0CE9A28 /* GCDWebServerConnection.m */,
				8BB1CF353091476B8B41DB12 /* GCDWebServerFunctions.m */,
				F72DA7621A9649BF9D14B648 /* GCDWebServerRequest.m */,
				E2E9A96E9F9142D59607EDBD /* GCDWebServerResponse.m */,
				BE03C1D6D1E546069FFCF9DD /* GCDWebServerDataRequest.m */,
				141E4A3176EF4490A5D41F83 /* GCDWebServerFileRequest.m */,
				631772A5A442403CBDACDDF1 /* GCDWebServerMultiPartFormRequest.m */,
				6CDA516DB9A4402A9E7A17D8 /* GCDWebServerURLEncodedFormRequest.m */,
				6EA1345E76C24111B75A8263 /* GCDWebServerDataResponse.m */,
				30695C4281154B5888E283DC /* GCDWebServerErrorResponse.m */,
				D7F8FF015C43498FBF7BAFC2 /* GCDWebServerFileResponse.m */,
				24508934AA204479B8AA0BAF /* GCDWebServerStreamedResponse.m */,
				2D29E811370745458EA1C0AC /* CDVWKWebViewEngine.h */,
				9AB9290D13E64C4086017E53 /* CDVWKWebViewUIDelegate.h */,
				D2715D157E464EA08E890D08 /* CDVWKProcessPoolFactory.h */,
				F6D3E48BB76A476080264D8D /* GCDWebServer.h */,
				4663B905952A479FA1B8991D /* GCDWebServerConnection.h */,
				430682EE1DC1447A87EB58C1 /* GCDWebServerFunctions.h */,
				014EC1DB18F14B9BAF46BE7C /* GCDWebServerHTTPStatusCodes.h */,
				6A3DB46A535048B5B241BA4C /* GCDWebServerPrivate.h */,
				15A428B93840430882CDA744 /* GCDWebServerRequest.h */,
				B9D27028D25340C1899375B0 /* GCDWebServerResponse.h */,
				316300706EE94FC1BB086C3E /* GCDWebServerDataRequest.h */,
				5E9F4EB4966E4E5CB6B7FDC5 /* GCDWebServerFileRequest.h */,
				46E65FCD5D5C49CF86BB2FBE /* GCDWebServerMultiPartFormRequest.h */,
				5FC51A6F95604091980AA907 /* GCDWebServerURLEncodedFormRequest.h */,
				FFE0EE775FFA4A5890E4881C /* GCDWebServerDataResponse.h */,
				E2DBF422B71848A6807568C0 /* GCDWebServerErrorResponse.h */,
				48E8E97410034B5B87857CAE /* GCDWebServerFileResponse.h */,
				7DB5B7761DE44262B2912A77 /* GCDWebServerStreamedResponse.h */,
				B8A227E4612B4DC4A8487452 /* CDVSplashScreen.m */,
				9C24385EB9454A27AA28DAFE /* CDVViewController+SplashScreen.m */,
				3BC84857AB8B4DAABBB96E0E /* CDVSplashScreen.h */,
				48AF1242DC2E425A9778B73F /* CDVViewController+SplashScreen.h */,
				0DB5265BAAEF4E6B86BBDD0B /* Toast+UIView.m */,
				0668008BF75F48E5ADE68686 /* Toast.m */,
				2B2B964B9C914C7B85E5B136 /* Toast+UIView.h */,
				D15DEE67BFDD45F88D31B6A0 /* Toast.h */,
				A3EBBFAD5FBF4276B3A8276E /* IonicKeyboard.m */,
				390A0561A6FE4ED598335D95 /* IonicKeyboard.h */,
				742226E1E8944125847A499D /* UIImage+CropScaleOrientation.m */,
				3EC97F5A10164AA3AD071773 /* CDVCamera.m */,
				D125E6D338474F99A84DB9DB /* CDVJpegHeaderWriter.m */,
				3825C1D7B5594A79AB42D55E /* UIImage+CropScaleOrientation.h */,
				BF26233648B644A2B049226A /* CDVCamera.h */,
				C15B50D2BEB54CDA90E09C5F /* CDVJpegHeaderWriter.h */,
				508792B474F142CCA7DB175A /* CDVExif.h */,
				2EDA4FB332D74555AB406DB1 /* SOSPicker.m */,
				6C1F3493CA2B4E5986B83A0A /* UIImage+fixOrientation.m */,
				FC9BEBA7471A484AA27BF14C /* GMAlbumsViewCell.m */,
				0CF2CBA287D940549CB1CA4A /* GMAlbumsViewController.m */,
				4BA634CC2A3D43D090DEA12C /* GMFetchItem.m */,
				6896D33FB6B24CBF8DE5BC01 /* GMGridViewCell.m */,
				4A3632A47B4B40969941F316 /* GMGridViewController.m */,
				1508B7F22E114F2BB74DF0B7 /* GMImagePickerController.m */,
				7E55A1CA79F847D8BEED6B09 /* PSYBlockTimer.m */,
				4A168B20A7BE468893355D9C /* GMPHAsset.m */,
				0321B9AB0B404D3B8476980B /* SOSPicker.h */,
				50AB97F29267421395CD442D /* UIImage+fixOrientation.h */,
				D45D35BA340A46DEAFB6AC90 /* GMAlbumsViewCell.h */,
				A840A0F4DD5A4E3C99A567F7 /* GMAlbumsViewController.h */,
				1058FD407A914AA3BADACA55 /* GMFetchItem.h */,
				D81C0B79D8074E6CA303D479 /* GMGridViewCell.h */,
				B849BF2C698644349A138EEB /* GMGridViewController.h */,
				B334D0AEC72949A59287C1C0 /* GMImagePickerController.h */,
				A9D19E38ED43488FA28C0D84 /* PSYBlockTimer.h */,
				AA7B72A993294E8585B996FB /* GMPHAsset.h */,
				D060D18C6E3346AE9C8F400F /* AppDelegate+APPAppEvent.m */,
				43E76AA5484B4E1AA50AD7D1 /* CDVPlugin+APPAppEvent.m */,
				02A05AFC7D1D431EA06D6CF5 /* AppDelegate+APPAppEvent.h */,
				50157A8BC01844A9A78FEFE2 /* CDVPlugin+APPAppEvent.h */,
				562DAD1F9B8449F9BCD3EBD6 /* APPAppEventDelegate.h */,
				177A4ACC0A6E401D9534E871 /* APPLocalNotification.m */,
				72F7D56A7D9743A7BB613423 /* APPLocalNotificationOptions.m */,
				78169371B47146AB9BC86E3A /* UNUserNotificationCenter+APPLocalNotification.m */,
				EAB8997489D440169EC84D83 /* UNMutableNotificationContent+APPLocalNotification.m */,
				94119AC51D114C81A0685B94 /* UNNotificationRequest+APPLocalNotification.m */,
				9578525349AB47B9A4E6BAF3 /* APPLocalNotificationOptions.ios9.m */,
				216C8D5FE51C4D7CBBB21AE8 /* UIApplication+APPLocalNotification.ios9.m */,
				9AB352B8296749B882544044 /* UILocalNotification+APPLocalNotification.ios9.m */,
				B6EE4E5A70964C51AAD98830 /* APPLocalNotification.h */,
				E39BFB23227E4660A5B7AB72 /* APPLocalNotificationOptions.h */,
				BE5F150A23404CEEA025E841 /* UNUserNotificationCenter+APPLocalNotification.h */,
				43BB1E2F0EEB4B19AC29E135 /* UNMutableNotificationContent+APPLocalNotification.h */,
				D4F65C72E11C441C81A387DE /* UNNotificationRequest+APPLocalNotification.h */,
				0F1B6914D56E4059BF6D7174 /* APPLocalNotificationOptions.ios9.h */,
				1E30863D6B894095B496D0E7 /* UIApplication+APPLocalNotification.ios9.h */,
				E6C367C6FE464FAF855D0700 /* UILocalNotification+APPLocalNotification.ios9.h */,
			);
			name = Plugins;
			path = "conFusion/Plugins";
			sourceTree = SOURCE_ROOT;
		};
		EB87FDF11871DA420020F90C /* Staging */ = {
			isa = PBXGroup;
			children = (
				F840E1F0165FE0F500CFE078 /* config.xml */,
				301BF56E109A69640062928A /* www */,
			);
			name = Staging;
			sourceTree = "<group>";
		};
/* End PBXGroup section */

/* Begin PBXNativeTarget section */
		1D6058900D05DD3D006BFB54 /* conFusion */ = {
			isa = PBXNativeTarget;
			buildConfigurationList = 1D6058960D05DD3E006BFB54 /* Build configuration list for PBXNativeTarget "conFusion" */;
			buildPhases = (
				304B58A110DAC018002A0835 /* Copy www directory */,
				1D60588D0D05DD3D006BFB54 /* Resources */,
				1D60588E0D05DD3D006BFB54 /* Sources */,
				1D60588F0D05DD3D006BFB54 /* Frameworks */,
			);
			buildRules = (
			);
			dependencies = (
				301BF551109A68C00062928A /* PBXTargetDependency */,
			);
			name = "conFusion";
			productName = "conFusion";
			productReference = 1D6058910D05DD3D006BFB54 /* conFusion.app */;
			productType = "com.apple.product-type.application";
		};
/* End PBXNativeTarget section */

/* Begin PBXProject section */
		29B97313FDCFA39411CA2CEA /* Project object */ = {
			isa = PBXProject;
			attributes = {
				LastUpgradeCheck = 510;
			};
			buildConfigurationList = C01FCF4E08A954540054247B /* Build configuration list for PBXProject "__NON-CLI__" */;
			compatibilityVersion = "Xcode 3.2";
			developmentRegion = English;
			hasScannedForEncodings = 1;
			mainGroup = 29B97314FDCFA39411CA2CEA /* CustomTemplate */;
			projectDirPath = "";
			projectReferences = (
				{
					ProductGroup = 301BF52E109A57CC0062928A /* Products */;
					ProjectRef = 301BF52D109A57CC0062928A /* CordovaLib.xcodeproj */;
				},
			);
			projectRoot = "";
			targets = (
				1D6058900D05DD3D006BFB54 /* conFusion */,
			);
		};
/* End PBXProject section */

/* Begin PBXReferenceProxy section */
		301BF535109A57CC0062928A /* libCordova.a */ = {
			isa = PBXReferenceProxy;
			fileType = archive.ar;
			path = libCordova.a;
			remoteRef = 301BF534109A57CC0062928A /* PBXContainerItemProxy */;
			sourceTree = BUILT_PRODUCTS_DIR;
		};
/* End PBXReferenceProxy section */

/* Begin PBXResourcesBuildPhase section */
		1D60588D0D05DD3D006BFB54 /* Resources */ = {
			isa = PBXResourcesBuildPhase;
			buildActionMask = 2147483647;
			files = (
				302D95F214D2391D003F00A1 /* MainViewController.xib in Resources */,
				0207DA581B56EA530066E2B4 /* Images.xcassets in Resources */,
				6AFF5BF91D6E424B00AB3073 /* CDVLaunchScreen.storyboard in Resources */,
				B68A0E55B0E046D0A5015C49 /* GMEmptyFolder@1x.png in Resources */,
				522822965B8E4E699915A0F1 /* GMEmptyFolder@2x.png in Resources */,
				400CE8DBBA614FCA9767D655 /* GMSelected.png in Resources */,
				DB3537A9B29B4A0F8313347E /* GMSelected@2x.png in Resources */,
				F8E7F6969D274A26BC1C6380 /* GMVideoIcon.png in Resources */,
				FE23ABD0D75745BAA34CC5A9 /* GMVideoIcon@2x.png in Resources */,
				5C440D4842814E8D93E31F89 /* ca.lproj in Resources */,
				64E69CFE30BD49A9ABF5FC09 /* de.lproj in Resources */,
				3C6938E1C1494E28ABAFF093 /* en.lproj in Resources */,
				53DC8515C94D46C3B065738F /* es.lproj in Resources */,
				D9A5D1BD1C3141799CE371D2 /* fr.lproj in Resources */,
				F9CC71BDA12F4446B8A8CDF4 /* it.lproj in Resources */,
				8C19E6619E45488881477478 /* pt.lproj in Resources */,
			);
			runOnlyForDeploymentPostprocessing = 0;
		};
/* End PBXResourcesBuildPhase section */

/* Begin PBXShellScriptBuildPhase section */
		304B58A110DAC018002A0835 /* Copy www directory */ = {
			isa = PBXShellScriptBuildPhase;
			buildActionMask = 2147483647;
			files = (
			);
			inputPaths = (
			);
			name = "Copy www directory";
			outputPaths = (
			);
			runOnlyForDeploymentPostprocessing = 0;
			shellPath = /bin/sh;
			shellScript = "NODEJS_PATH=/usr/local/bin; NVM_NODE_PATH=~/.nvm/versions/node/`nvm version 2>/dev/null`/bin; N_NODE_PATH=`find /usr/local/n/versions/node/* -maxdepth 0 -type d 2>/dev/null | tail -1`/bin; XCODE_NODE_PATH=`xcode-select --print-path`/usr/share/xcs/Node/bin; PATH=$NODEJS_PATH:$NVM_NODE_PATH:$N_NODE_PATH:$XCODE_NODE_PATH:$PATH && node cordova/lib/copy-www-build-step.js";
			showEnvVarsInLog = 0;
		};
/* End PBXShellScriptBuildPhase section */

/* Begin PBXSourcesBuildPhase section */
		1D60588E0D05DD3D006BFB54 /* Sources */ = {
			isa = PBXSourcesBuildPhase;
			buildActionMask = 2147483647;
			files = (
				1D60589B0D05DD56006BFB54 /* main.m in Sources */,
				1D3623260D0F684500981E51 /* AppDelegate.m in Sources */,
				302D95F114D2391D003F00A1 /* MainViewController.m in Sources */,
				C6DE5EAEF01F444186D635B4 /* CDVDevice.m in Sources */,
				9C1240F76A224C3E951D1563 /* CDVWKWebViewEngine.m in Sources */,
				9FDB3AD108584C7586482CB1 /* CDVWKWebViewUIDelegate.m in Sources */,
				5671104548E94BC388799A02 /* CDVWKProcessPoolFactory.m in Sources */,
				39F4B9F7F24C41719F3E3260 /* GCDWebServer.m in Sources */,
				E80A665DC8464DE1B047638D /* GCDWebServerConnection.m in Sources */,
				B0FFA1F147CF4DBF811E07AF /* GCDWebServerFunctions.m in Sources */,
				3C315E8306FA490D8BA481C7 /* GCDWebServerRequest.m in Sources */,
				DE893846A6A14AC8A0D69ECF /* GCDWebServerResponse.m in Sources */,
				1BE12D18E5D84A0080474FBF /* GCDWebServerDataRequest.m in Sources */,
				BCB6CDF855C047E08370D1B1 /* GCDWebServerFileRequest.m in Sources */,
				7E4178859CF44CDCBA02E438 /* GCDWebServerMultiPartFormRequest.m in Sources */,
				D8BF7318EE334DEB8334E0E0 /* GCDWebServerURLEncodedFormRequest.m in Sources */,
				9A78D9EC55414D4892180DB6 /* GCDWebServerDataResponse.m in Sources */,
				F87F42E716ED48848FA0DBE2 /* GCDWebServerErrorResponse.m in Sources */,
				7E4277B8A7DF4FB4AE30E931 /* GCDWebServerFileResponse.m in Sources */,
				A39CF43DCFB042B7A690D265 /* GCDWebServerStreamedResponse.m in Sources */,
				0B344F4FC1754BD2AC4C8950 /* CDVSplashScreen.m in Sources */,
				EC9BCF84BF4A4C05B519DCFA /* CDVViewController+SplashScreen.m in Sources */,
				D235DD2D5E4448A9908D7A4A /* Toast+UIView.m in Sources */,
				F07C5A5A48844FD4B750C3F1 /* Toast.m in Sources */,
				4449E06349DC411BBDB56788 /* IonicKeyboard.m in Sources */,
				569C4AB4AF3E4EE0BF7F60D7 /* UIImage+CropScaleOrientation.m in Sources */,
				9E724B7B50A94210A601C3CB /* CDVCamera.m in Sources */,
				244F0FC577CD4CE2ACD42848 /* CDVJpegHeaderWriter.m in Sources */,
				608F98627C9F4CA2802F59E7 /* SOSPicker.m in Sources */,
				2B658A5BE746499FBE1B491D /* UIImage+fixOrientation.m in Sources */,
				0814C6BBD0A0449D8B5A8451 /* GMAlbumsViewCell.m in Sources */,
				61E851CFE90949FB85EBA7B6 /* GMAlbumsViewController.m in Sources */,
				A0D1B27E844D484A8AD137E9 /* GMFetchItem.m in Sources */,
				82F9DCF4EC6D45B7A206A999 /* GMGridViewCell.m in Sources */,
				2A3CAED7425F4C04B851DE1B /* GMGridViewController.m in Sources */,
				C59F683D9ED44748BC906884 /* GMImagePickerController.m in Sources */,
				405E0D06F03444E78CDD39CB /* PSYBlockTimer.m in Sources */,
				0E773B6883E54E4385B6B650 /* GMPHAsset.m in Sources */,
				77C783568F884F54BDFC40BD /* AppDelegate+APPAppEvent.m in Sources */,
				32F8A0A09EAB4692BDFE96FF /* CDVPlugin+APPAppEvent.m in Sources */,
				B1A2A3AB2E2542BBA8C4FBB4 /* APPLocalNotification.m in Sources */,
				8FCC0F8A5C95469C8AE8C3BF /* APPLocalNotificationOptions.m in Sources */,
				764C6355BD6D4642B2E2DC9A /* UNUserNotificationCenter+APPLocalNotification.m in Sources */,
				3D63C01C4390467CB01E8694 /* UNMutableNotificationContent+APPLocalNotification.m in Sources */,
				9F4D111364464A7CBAB38DF6 /* UNNotificationRequest+APPLocalNotification.m in Sources */,
				7E7108E88E36412BBC590306 /* APPLocalNotificationOptions.ios9.m in Sources */,
				18BFD2FAFCCF4E6BAC966B79 /* UIApplication+APPLocalNotification.ios9.m in Sources */,
				BA342A51FCC74B1E9F12ADD1 /* UILocalNotification+APPLocalNotification.ios9.m in Sources */,
			);
			runOnlyForDeploymentPostprocessing = 0;
		};
/* End PBXSourcesBuildPhase section */

/* Begin PBXTargetDependency section */
		301BF551109A68C00062928A /* PBXTargetDependency */ = {
			isa = PBXTargetDependency;
			name = CordovaLib;
			targetProxy = 301BF550109A68C00062928A /* PBXContainerItemProxy */;
		};
/* End PBXTargetDependency section */

/* Begin XCBuildConfiguration section */
		1D6058940D05DD3E006BFB54 /* Debug */ = {
			isa = XCBuildConfiguration;
			baseConfigurationReference = 3047A50F1AB8059700498E2A /* build-debug.xcconfig */;
			buildSettings = {
				ALWAYS_SEARCH_USER_PATHS = NO;
				ASSETCATALOG_COMPILER_APPICON_NAME = AppIcon;
				ASSETCATALOG_COMPILER_LAUNCHIMAGE_NAME = LaunchImage;
				CLANG_ENABLE_MODULES = YES;
				CLANG_ENABLE_OBJC_ARC = YES;
				COPY_PHASE_STRIP = NO;
				GCC_DYNAMIC_NO_PIC = NO;
				GCC_OPTIMIZATION_LEVEL = 0;
				GCC_PRECOMPILE_PREFIX_HEADER = YES;
				GCC_PREFIX_HEADER = "conFusion/conFusion-Prefix.pch";
				GCC_THUMB_SUPPORT = NO;
				GCC_VERSION = "";
				INFOPLIST_FILE = "conFusion/conFusion-Info.plist";
				IPHONEOS_DEPLOYMENT_TARGET = 9.0;
				LD_RUNPATH_SEARCH_PATHS = "@executable_path/Frameworks";
				TARGETED_DEVICE_FAMILY = "1,2";
				PRODUCT_NAME = "conFusion";
			};
			name = Debug;
		};
		1D6058950D05DD3E006BFB54 /* Release */ = {
			isa = XCBuildConfiguration;
			baseConfigurationReference = 3047A5101AB8059700498E2A /* build-release.xcconfig */;
			buildSettings = {
				ALWAYS_SEARCH_USER_PATHS = NO;
				ASSETCATALOG_COMPILER_APPICON_NAME = AppIcon;
				ASSETCATALOG_COMPILER_LAUNCHIMAGE_NAME = LaunchImage;
				CLANG_ENABLE_MODULES = YES;
				CLANG_ENABLE_OBJC_ARC = YES;
				COPY_PHASE_STRIP = YES;
				GCC_PRECOMPILE_PREFIX_HEADER = YES;
				GCC_PREFIX_HEADER = "conFusion/conFusion-Prefix.pch";
				GCC_THUMB_SUPPORT = NO;
				GCC_VERSION = "";
				INFOPLIST_FILE = "conFusion/conFusion-Info.plist";
				IPHONEOS_DEPLOYMENT_TARGET = 9.0;
				LD_RUNPATH_SEARCH_PATHS = "@executable_path/Frameworks";
				TARGETED_DEVICE_FAMILY = "1,2";
				PRODUCT_NAME = "conFusion";
			};
			name = Release;
		};
		C01FCF4F08A954540054247B /* Debug */ = {
			isa = XCBuildConfiguration;
			baseConfigurationReference = 3047A5111AB8059700498E2A /* build.xcconfig */;
			buildSettings = {
				CLANG_ENABLE_MODULES = YES;
				CLANG_ENABLE_OBJC_ARC = YES;
				CLANG_WARN_BOOL_CONVERSION = YES;
				CLANG_WARN_CONSTANT_CONVERSION = YES;
				CLANG_WARN_EMPTY_BODY = YES;
				CLANG_WARN_ENUM_CONVERSION = YES;
				CLANG_WARN_INT_CONVERSION = YES;
				CLANG_WARN__DUPLICATE_METHOD_MATCH = YES;
				GCC_C_LANGUAGE_STANDARD = c99;
				GCC_THUMB_SUPPORT = NO;
				GCC_VERSION = "";
				GCC_WARN_ABOUT_RETURN_TYPE = YES;
				GCC_WARN_UNDECLARED_SELECTOR = YES;
				GCC_WARN_UNINITIALIZED_AUTOS = YES;
				GCC_WARN_UNUSED_FUNCTION = YES;
				GCC_WARN_UNUSED_VARIABLE = YES;
				ONLY_ACTIVE_ARCH = YES;
				SDKROOT = iphoneos;
				SKIP_INSTALL = NO;
			};
			name = Debug;
		};
		C01FCF5008A954540054247B /* Release */ = {
			isa = XCBuildConfiguration;
			baseConfigurationReference = 3047A5111AB8059700498E2A /* build.xcconfig */;
			buildSettings = {
				CLANG_ENABLE_MODULES = YES;
				CLANG_ENABLE_OBJC_ARC = YES;
				CLANG_WARN_BOOL_CONVERSION = YES;
				CLANG_WARN_CONSTANT_CONVERSION = YES;
				CLANG_WARN_EMPTY_BODY = YES;
				CLANG_WARN_ENUM_CONVERSION = YES;
				CLANG_WARN_INT_CONVERSION = YES;
				CLANG_WARN__DUPLICATE_METHOD_MATCH = YES;
				GCC_C_LANGUAGE_STANDARD = c99;
				GCC_THUMB_SUPPORT = NO;
				GCC_VERSION = "";
				GCC_WARN_ABOUT_RETURN_TYPE = YES;
				GCC_WARN_UNDECLARED_SELECTOR = YES;
				GCC_WARN_UNINITIALIZED_AUTOS = YES;
				GCC_WARN_UNUSED_FUNCTION = YES;
				GCC_WARN_UNUSED_VARIABLE = YES;
				SDKROOT = iphoneos;
				SKIP_INSTALL = NO;
			};
			name = Release;
		};
/* End XCBuildConfiguration section */

/* Begin XCConfigurationList section */
		1D6058960D05DD3E006BFB54 /* Build configuration list for PBXNativeTarget "conFusion" */ = {
			isa = XCConfigurationList;
			buildConfigurations = (
				1D6058940D05DD3E006BFB54 /* Debug */,
				1D6058950D05DD3E006BFB54 /* Release */,
			);
			defaultConfigurationIsVisible = 0;
			defaultConfigurationName = Release;
		};
		C01FCF4E08A954540054247B /* Build configuration list for PBXProject "__NON-CLI__" */ = {
			isa = XCConfigurationList;
			buildConfigurations = (
				C01FCF4F08A954540054247B /* Debug */,
				C01FCF5008A954540054247B /* Release */,
			);
			defaultConfigurationIsVisible = 0;
			defaultConfigurationName = Release;
		};
/* End XCConfigurationList section */
	};
	rootObject = 29B97313FDCFA39411CA2CEA /* Project object */;
}
